// !$*UTF8*$!
{
	archiveVersion = 1;
	classes = {
	};
	objectVersion = 46;
	objects = {

/* Begin PBXBuildFile section */
		F407B84C1D2C2EF400D80C1E /* Main.storyboard in Resources */ = {isa = PBXBuildFile; fileRef = F407B84A1D2C2EF400D80C1E /* Main.storyboard */; };
		F407B84E1D2C2EF400D80C1E /* Assets.xcassets in Resources */ = {isa = PBXBuildFile; fileRef = F407B84D1D2C2EF400D80C1E /* Assets.xcassets */; };
		F407B8511D2C2EF400D80C1E /* LaunchScreen.storyboard in Resources */ = {isa = PBXBuildFile; fileRef = F407B84F1D2C2EF400D80C1E /* LaunchScreen.storyboard */; };
		F407B85C1D2C2EF500D80C1E /* SquareOneTests.m in Sources */ = {isa = PBXBuildFile; fileRef = F407B85B1D2C2EF500D80C1E /* SquareOneTests.m */; };
		F407B8671D2C2EF500D80C1E /* SquareOneUITests.m in Sources */ = {isa = PBXBuildFile; fileRef = F407B8661D2C2EF500D80C1E /* SquareOneUITests.m */; };
		F40EA10F1D46A89200FE248F /* IdeaElement.xib in Resources */ = {isa = PBXBuildFile; fileRef = F40EA10E1D46A89200FE248F /* IdeaElement.xib */; };
		F437622A1D303D5200729D54 /* NotificationElement.xib in Resources */ = {isa = PBXBuildFile; fileRef = F43762291D303D5200729D54 /* NotificationElement.xib */; };
		F45736A81D555AEB0080A148 /* VerificationController.m in Sources */ = {isa = PBXBuildFile; fileRef = F40EA1121D47DEBE00FE248F /* VerificationController.m */; };
		F45736A91D555AF20080A148 /* testController.m in Sources */ = {isa = PBXBuildFile; fileRef = F4E420051D373043004DCCB3 /* testController.m */; };
		F45736AA1D555AF70080A148 /* IdeaTabController.m in Sources */ = {isa = PBXBuildFile; fileRef = F45DA7831D48269C00B31AA7 /* IdeaTabController.m */; };
		F45736AB1D555AFC0080A148 /* MenuController.m in Sources */ = {isa = PBXBuildFile; fileRef = F47EFBE21D4A766E00089AE6 /* MenuController.m */; };
		F45736AC1D555B020080A148 /* elementParent.m in Sources */ = {isa = PBXBuildFile; fileRef = F437622B1D3413FD00729D54 /* elementParent.m */; };
		F45736AD1D555B080080A148 /* IdeaElement.m in Sources */ = {isa = PBXBuildFile; fileRef = F47EFBD51D4A598D00089AE6 /* IdeaElement.m */; };
		F45736AE1D555B0F0080A148 /* RegistrationController.m in Sources */ = {isa = PBXBuildFile; fileRef = F47AF76F1D4A8BE6000B1EB6 /* RegistrationController.m */; };
		F45736AF1D555B150080A148 /* AppDelegate.m in Sources */ = {isa = PBXBuildFile; fileRef = F407B8451D2C2EF400D80C1E /* AppDelegate.m */; };
		F45736B01D555B1A0080A148 /* LambdaConfig.m in Sources */ = {isa = PBXBuildFile; fileRef = F47EFBE81D4A82C500089AE6 /* LambdaConfig.m */; };
		F45736B11D555B200080A148 /* SingleRowFlow.m in Sources */ = {isa = PBXBuildFile; fileRef = F47EFBDF1D4A748800089AE6 /* SingleRowFlow.m */; };
		F45736B21D555B250080A148 /* PersonElement.m in Sources */ = {isa = PBXBuildFile; fileRef = F47EFBD91D4A61F700089AE6 /* PersonElement.m */; };
		F45736B31D555B4B0080A148 /* main.m in Sources */ = {isa = PBXBuildFile; fileRef = F407B8421D2C2EF400D80C1E /* main.m */; };
		F465B9891D5FB07C008F1371 /* IdeaControllerCollectionViewCell.m in Sources */ = {isa = PBXBuildFile; fileRef = F465B9881D5FB07C008F1371 /* IdeaControllerCollectionViewCell.m */; };
		F465B98D1D5FDCD0008F1371 /* IdeaModel.m in Sources */ = {isa = PBXBuildFile; fileRef = F465B98C1D5FDCD0008F1371 /* IdeaModel.m */; };
		F47776991D6358480041BB03 /* exploreTab-data.json in Resources */ = {isa = PBXBuildFile; fileRef = F47776981D6358480041BB03 /* exploreTab-data.json */; };
		F47776B21D6358760041BB03 /* Aaron Wong.png in Resources */ = {isa = PBXBuildFile; fileRef = F477769A1D6358760041BB03 /* Aaron Wong.png */; };
		F47776B31D6358760041BB03 /* Aaron Wong's Skill.png in Resources */ = {isa = PBXBuildFile; fileRef = F477769B1D6358760041BB03 /* Aaron Wong's Skill.png */; };
		F47776B41D6358760041BB03 /* Ashley Taylor's Skill.png in Resources */ = {isa = PBXBuildFile; fileRef = F477769C1D6358760041BB03 /* Ashley Taylor's Skill.png */; };
		F47776B51D6358760041BB03 /* Christine Hunter.png in Resources */ = {isa = PBXBuildFile; fileRef = F477769D1D6358760041BB03 /* Christine Hunter.png */; };
		F47776B61D6358760041BB03 /* Christine Hunter's Skill.png in Resources */ = {isa = PBXBuildFile; fileRef = F477769E1D6358760041BB03 /* Christine Hunter's Skill.png */; };
		F47776B71D6358760041BB03 /* David Cruz.png in Resources */ = {isa = PBXBuildFile; fileRef = F477769F1D6358760041BB03 /* David Cruz.png */; };
		F47776B81D6358760041BB03 /* David Cruz's Skill.png in Resources */ = {isa = PBXBuildFile; fileRef = F47776A01D6358760041BB03 /* David Cruz's Skill.png */; };
		F47776B91D6358760041BB03 /* Emily Lane.png in Resources */ = {isa = PBXBuildFile; fileRef = F47776A11D6358760041BB03 /* Emily Lane.png */; };
		F47776BA1D6358760041BB03 /* Evelyn Jackson.png in Resources */ = {isa = PBXBuildFile; fileRef = F47776A21D6358760041BB03 /* Evelyn Jackson.png */; };
		F47776BB1D6358760041BB03 /* Evelyn Jackson's Skill.png in Resources */ = {isa = PBXBuildFile; fileRef = F47776A31D6358760041BB03 /* Evelyn Jackson's Skill.png */; };
		F47776BC1D6358760041BB03 /* Hannah Nguyen.png in Resources */ = {isa = PBXBuildFile; fileRef = F47776A41D6358760041BB03 /* Hannah Nguyen.png */; };
		F47776BD1D6358760041BB03 /* Hannah Nguyen's Skill.png in Resources */ = {isa = PBXBuildFile; fileRef = F47776A51D6358760041BB03 /* Hannah Nguyen's Skill.png */; };
		F47776BE1D6358760041BB03 /* Jack Murphy.png in Resources */ = {isa = PBXBuildFile; fileRef = F47776A61D6358760041BB03 /* Jack Murphy.png */; };
		F47776BF1D6358760041BB03 /* Jack Murphy's Skill.png in Resources */ = {isa = PBXBuildFile; fileRef = F47776A71D6358760041BB03 /* Jack Murphy's Skill.png */; };
		F47776C01D6358760041BB03 /* Jamie Sanchez.png in Resources */ = {isa = PBXBuildFile; fileRef = F47776A81D6358760041BB03 /* Jamie Sanchez.png */; };
		F47776C11D6358760041BB03 /* Jamie Sanchez's Skill.png in Resources */ = {isa = PBXBuildFile; fileRef = F47776A91D6358760041BB03 /* Jamie Sanchez's Skill.png */; };
		F47776C21D6358760041BB03 /* Josh Walker.png in Resources */ = {isa = PBXBuildFile; fileRef = F47776AA1D6358760041BB03 /* Josh Walker.png */; };
		F47776C31D6358760041BB03 /* Josh Walker's Skill.png in Resources */ = {isa = PBXBuildFile; fileRef = F47776AB1D6358760041BB03 /* Josh Walker's Skill.png */; };
		F47776C41D6358760041BB03 /* Laura Wilson.png in Resources */ = {isa = PBXBuildFile; fileRef = F47776AC1D6358760041BB03 /* Laura Wilson.png */; };
		F47776C51D6358760041BB03 /* Laura Wilson's Skill.png in Resources */ = {isa = PBXBuildFile; fileRef = F47776AD1D6358760041BB03 /* Laura Wilson's Skill.png */; };
		F47776C61D6358760041BB03 /* Stephen Jones.png in Resources */ = {isa = PBXBuildFile; fileRef = F47776AE1D6358760041BB03 /* Stephen Jones.png */; };
		F47776C71D6358760041BB03 /* Stephen Jones's Skill.png in Resources */ = {isa = PBXBuildFile; fileRef = F47776AF1D6358760041BB03 /* Stephen Jones's Skill.png */; };
		F47776C81D6358760041BB03 /* Thomas Bennet.png in Resources */ = {isa = PBXBuildFile; fileRef = F47776B01D6358760041BB03 /* Thomas Bennet.png */; };
		F47776C91D6358760041BB03 /* Thomas Bennet's Skill.png in Resources */ = {isa = PBXBuildFile; fileRef = F47776B11D6358760041BB03 /* Thomas Bennet's Skill.png */; };
		F47776DD1D6358F20041BB03 /* Bayou Kitchen.png in Resources */ = {isa = PBXBuildFile; fileRef = F47776CE1D6358F20041BB03 /* Bayou Kitchen.png */; };
		F47776DE1D6358F20041BB03 /* Bayou Kitchen's Media.png in Resources */ = {isa = PBXBuildFile; fileRef = F47776CF1D6358F20041BB03 /* Bayou Kitchen's Media.png */; };
		F47776DF1D6358F20041BB03 /* E-bykes Media.png in Resources */ = {isa = PBXBuildFile; fileRef = F47776D01D6358F20041BB03 /* E-bykes Media.png */; };
		F47776E01D6358F20041BB03 /* E-bykes.png in Resources */ = {isa = PBXBuildFile; fileRef = F47776D11D6358F20041BB03 /* E-bykes.png */; };
		F47776E11D6358F20041BB03 /* Honey B's Media.png in Resources */ = {isa = PBXBuildFile; fileRef = F47776D21D6358F20041BB03 /* Honey B's Media.png */; };
		F47776E21D6358F20041BB03 /* Honey B's.png in Resources */ = {isa = PBXBuildFile; fileRef = F47776D31D6358F20041BB03 /* Honey B's.png */; };
		F47776E31D6358F20041BB03 /* Shadi Adada.png in Resources */ = {isa = PBXBuildFile; fileRef = F47776D41D6358F20041BB03 /* Shadi Adada.png */; };
		F47776E41D6358F20041BB03 /* Shadi Adada's Media (small).png in Resources */ = {isa = PBXBuildFile; fileRef = F47776D51D6358F20041BB03 /* Shadi Adada's Media (small).png */; };
		F47776E51D6358F20041BB03 /* Shadi Adada's Media.png in Resources */ = {isa = PBXBuildFile; fileRef = F47776D61D6358F20041BB03 /* Shadi Adada's Media.png */; };
		F47776E61D6358F20041BB03 /* Smart Jump Media.png in Resources */ = {isa = PBXBuildFile; fileRef = F47776D71D6358F20041BB03 /* Smart Jump Media.png */; };
		F47776E71D6358F20041BB03 /* Smart Jump.png in Resources */ = {isa = PBXBuildFile; fileRef = F47776D81D6358F20041BB03 /* Smart Jump.png */; };
		F47776E81D6358F20041BB03 /* SQ1_Logo_Unedited.png in Resources */ = {isa = PBXBuildFile; fileRef = F47776D91D6358F20041BB03 /* SQ1_Logo_Unedited.png */; };
		F47776E91D6358F20041BB03 /* SQ1_Logo.png in Resources */ = {isa = PBXBuildFile; fileRef = F47776DA1D6358F20041BB03 /* SQ1_Logo.png */; };
		F47776EA1D6358F20041BB03 /* Wedding Media1.png in Resources */ = {isa = PBXBuildFile; fileRef = F47776DB1D6358F20041BB03 /* Wedding Media1.png */; };
		F47776EB1D6358F20041BB03 /* Wedding Media2.png in Resources */ = {isa = PBXBuildFile; fileRef = F47776DC1D6358F20041BB03 /* Wedding Media2.png */; };
		F47776F21D6359B20041BB03 /* ColoredBulb.png in Resources */ = {isa = PBXBuildFile; fileRef = F47776EC1D6359B20041BB03 /* ColoredBulb.png */; };
		F47776F31D6359B20041BB03 /* ColoredCompass.png in Resources */ = {isa = PBXBuildFile; fileRef = F47776ED1D6359B20041BB03 /* ColoredCompass.png */; };
		F47776F41D6359B20041BB03 /* Coloredfollow.png in Resources */ = {isa = PBXBuildFile; fileRef = F47776EE1D6359B20041BB03 /* Coloredfollow.png */; };
		F47776F51D6359B20041BB03 /* ColoredIdea.png in Resources */ = {isa = PBXBuildFile; fileRef = F47776EF1D6359B20041BB03 /* ColoredIdea.png */; };
		F47776F61D6359B20041BB03 /* ColoredMessaging.png in Resources */ = {isa = PBXBuildFile; fileRef = F47776F01D6359B20041BB03 /* ColoredMessaging.png */; };
		F47776F71D6359B20041BB03 /* ColoredNotification.png in Resources */ = {isa = PBXBuildFile; fileRef = F47776F11D6359B20041BB03 /* ColoredNotification.png */; };
		F47776F91D635CDD0041BB03 /* startups.json in Resources */ = {isa = PBXBuildFile; fileRef = F47776F81D635CDD0041BB03 /* startups.json */; };
		F47AF7451D4A8A2D000B1EB6 /* AWSAPIGateway.framework in Frameworks */ = {isa = PBXBuildFile; fileRef = F47AF7321D4A8A2D000B1EB6 /* AWSAPIGateway.framework */; };
		F47AF7461D4A8A2D000B1EB6 /* AWSAPIGateway.framework in Embed Frameworks */ = {isa = PBXBuildFile; fileRef = F47AF7321D4A8A2D000B1EB6 /* AWSAPIGateway.framework */; settings = {ATTRIBUTES = (CodeSignOnCopy, RemoveHeadersOnCopy, ); }; };
		F47AF7471D4A8A2D000B1EB6 /* AWSAutoScaling.framework in Frameworks */ = {isa = PBXBuildFile; fileRef = F47AF7331D4A8A2D000B1EB6 /* AWSAutoScaling.framework */; };
		F47AF7481D4A8A2D000B1EB6 /* AWSAutoScaling.framework in Embed Frameworks */ = {isa = PBXBuildFile; fileRef = F47AF7331D4A8A2D000B1EB6 /* AWSAutoScaling.framework */; settings = {ATTRIBUTES = (CodeSignOnCopy, RemoveHeadersOnCopy, ); }; };
		F47AF7491D4A8A2D000B1EB6 /* AWSCloudWatch.framework in Frameworks */ = {isa = PBXBuildFile; fileRef = F47AF7341D4A8A2D000B1EB6 /* AWSCloudWatch.framework */; };
		F47AF74A1D4A8A2D000B1EB6 /* AWSCloudWatch.framework in Embed Frameworks */ = {isa = PBXBuildFile; fileRef = F47AF7341D4A8A2D000B1EB6 /* AWSCloudWatch.framework */; settings = {ATTRIBUTES = (CodeSignOnCopy, RemoveHeadersOnCopy, ); }; };
		F47AF74B1D4A8A2D000B1EB6 /* AWSCognito.framework in Frameworks */ = {isa = PBXBuildFile; fileRef = F47AF7351D4A8A2D000B1EB6 /* AWSCognito.framework */; };
		F47AF74C1D4A8A2D000B1EB6 /* AWSCognito.framework in Embed Frameworks */ = {isa = PBXBuildFile; fileRef = F47AF7351D4A8A2D000B1EB6 /* AWSCognito.framework */; settings = {ATTRIBUTES = (CodeSignOnCopy, RemoveHeadersOnCopy, ); }; };
		F47AF74D1D4A8A2D000B1EB6 /* AWSCognitoIdentityProvider.framework in Frameworks */ = {isa = PBXBuildFile; fileRef = F47AF7361D4A8A2D000B1EB6 /* AWSCognitoIdentityProvider.framework */; };
		F47AF74E1D4A8A2E000B1EB6 /* AWSCognitoIdentityProvider.framework in Embed Frameworks */ = {isa = PBXBuildFile; fileRef = F47AF7361D4A8A2D000B1EB6 /* AWSCognitoIdentityProvider.framework */; settings = {ATTRIBUTES = (CodeSignOnCopy, RemoveHeadersOnCopy, ); }; };
		F47AF74F1D4A8A2E000B1EB6 /* AWSCore.framework in Frameworks */ = {isa = PBXBuildFile; fileRef = F47AF7371D4A8A2D000B1EB6 /* AWSCore.framework */; };
		F47AF7501D4A8A2E000B1EB6 /* AWSCore.framework in Embed Frameworks */ = {isa = PBXBuildFile; fileRef = F47AF7371D4A8A2D000B1EB6 /* AWSCore.framework */; settings = {ATTRIBUTES = (CodeSignOnCopy, RemoveHeadersOnCopy, ); }; };
		F47AF7511D4A8A2E000B1EB6 /* AWSDynamoDB.framework in Frameworks */ = {isa = PBXBuildFile; fileRef = F47AF7381D4A8A2D000B1EB6 /* AWSDynamoDB.framework */; };
		F47AF7521D4A8A2E000B1EB6 /* AWSDynamoDB.framework in Embed Frameworks */ = {isa = PBXBuildFile; fileRef = F47AF7381D4A8A2D000B1EB6 /* AWSDynamoDB.framework */; settings = {ATTRIBUTES = (CodeSignOnCopy, RemoveHeadersOnCopy, ); }; };
		F47AF7531D4A8A2E000B1EB6 /* AWSEC2.framework in Frameworks */ = {isa = PBXBuildFile; fileRef = F47AF7391D4A8A2D000B1EB6 /* AWSEC2.framework */; };
		F47AF7541D4A8A2E000B1EB6 /* AWSEC2.framework in Embed Frameworks */ = {isa = PBXBuildFile; fileRef = F47AF7391D4A8A2D000B1EB6 /* AWSEC2.framework */; settings = {ATTRIBUTES = (CodeSignOnCopy, RemoveHeadersOnCopy, ); }; };
		F47AF7551D4A8A2E000B1EB6 /* AWSElasticLoadBalancing.framework in Frameworks */ = {isa = PBXBuildFile; fileRef = F47AF73A1D4A8A2D000B1EB6 /* AWSElasticLoadBalancing.framework */; };
		F47AF7561D4A8A2E000B1EB6 /* AWSElasticLoadBalancing.framework in Embed Frameworks */ = {isa = PBXBuildFile; fileRef = F47AF73A1D4A8A2D000B1EB6 /* AWSElasticLoadBalancing.framework */; settings = {ATTRIBUTES = (CodeSignOnCopy, RemoveHeadersOnCopy, ); }; };
		F47AF7571D4A8A2E000B1EB6 /* AWSIoT.framework in Frameworks */ = {isa = PBXBuildFile; fileRef = F47AF73B1D4A8A2D000B1EB6 /* AWSIoT.framework */; };
		F47AF7581D4A8A2E000B1EB6 /* AWSIoT.framework in Embed Frameworks */ = {isa = PBXBuildFile; fileRef = F47AF73B1D4A8A2D000B1EB6 /* AWSIoT.framework */; settings = {ATTRIBUTES = (CodeSignOnCopy, RemoveHeadersOnCopy, ); }; };
		F47AF7591D4A8A2E000B1EB6 /* AWSKinesis.framework in Frameworks */ = {isa = PBXBuildFile; fileRef = F47AF73C1D4A8A2D000B1EB6 /* AWSKinesis.framework */; };
		F47AF75A1D4A8A2E000B1EB6 /* AWSKinesis.framework in Embed Frameworks */ = {isa = PBXBuildFile; fileRef = F47AF73C1D4A8A2D000B1EB6 /* AWSKinesis.framework */; settings = {ATTRIBUTES = (CodeSignOnCopy, RemoveHeadersOnCopy, ); }; };
		F47AF75B1D4A8A2E000B1EB6 /* AWSLambda.framework in Frameworks */ = {isa = PBXBuildFile; fileRef = F47AF73D1D4A8A2D000B1EB6 /* AWSLambda.framework */; };
		F47AF75C1D4A8A2E000B1EB6 /* AWSLambda.framework in Embed Frameworks */ = {isa = PBXBuildFile; fileRef = F47AF73D1D4A8A2D000B1EB6 /* AWSLambda.framework */; settings = {ATTRIBUTES = (CodeSignOnCopy, RemoveHeadersOnCopy, ); }; };
		F47AF75D1D4A8A2E000B1EB6 /* AWSMachineLearning.framework in Frameworks */ = {isa = PBXBuildFile; fileRef = F47AF73E1D4A8A2D000B1EB6 /* AWSMachineLearning.framework */; };
		F47AF75E1D4A8A2E000B1EB6 /* AWSMachineLearning.framework in Embed Frameworks */ = {isa = PBXBuildFile; fileRef = F47AF73E1D4A8A2D000B1EB6 /* AWSMachineLearning.framework */; settings = {ATTRIBUTES = (CodeSignOnCopy, RemoveHeadersOnCopy, ); }; };
		F47AF75F1D4A8A2E000B1EB6 /* AWSMobileAnalytics.framework in Frameworks */ = {isa = PBXBuildFile; fileRef = F47AF73F1D4A8A2D000B1EB6 /* AWSMobileAnalytics.framework */; };
		F47AF7601D4A8A2E000B1EB6 /* AWSMobileAnalytics.framework in Embed Frameworks */ = {isa = PBXBuildFile; fileRef = F47AF73F1D4A8A2D000B1EB6 /* AWSMobileAnalytics.framework */; settings = {ATTRIBUTES = (CodeSignOnCopy, RemoveHeadersOnCopy, ); }; };
		F47AF7611D4A8A2E000B1EB6 /* AWSS3.framework in Frameworks */ = {isa = PBXBuildFile; fileRef = F47AF7401D4A8A2D000B1EB6 /* AWSS3.framework */; };
		F47AF7621D4A8A2E000B1EB6 /* AWSS3.framework in Embed Frameworks */ = {isa = PBXBuildFile; fileRef = F47AF7401D4A8A2D000B1EB6 /* AWSS3.framework */; settings = {ATTRIBUTES = (CodeSignOnCopy, RemoveHeadersOnCopy, ); }; };
		F47AF7631D4A8A2E000B1EB6 /* AWSSES.framework in Frameworks */ = {isa = PBXBuildFile; fileRef = F47AF7411D4A8A2D000B1EB6 /* AWSSES.framework */; };
		F47AF7641D4A8A2E000B1EB6 /* AWSSES.framework in Embed Frameworks */ = {isa = PBXBuildFile; fileRef = F47AF7411D4A8A2D000B1EB6 /* AWSSES.framework */; settings = {ATTRIBUTES = (CodeSignOnCopy, RemoveHeadersOnCopy, ); }; };
		F47AF7651D4A8A2E000B1EB6 /* AWSSimpleDB.framework in Frameworks */ = {isa = PBXBuildFile; fileRef = F47AF7421D4A8A2D000B1EB6 /* AWSSimpleDB.framework */; };
		F47AF7661D4A8A2E000B1EB6 /* AWSSimpleDB.framework in Embed Frameworks */ = {isa = PBXBuildFile; fileRef = F47AF7421D4A8A2D000B1EB6 /* AWSSimpleDB.framework */; settings = {ATTRIBUTES = (CodeSignOnCopy, RemoveHeadersOnCopy, ); }; };
		F47AF7671D4A8A2E000B1EB6 /* AWSSNS.framework in Frameworks */ = {isa = PBXBuildFile; fileRef = F47AF7431D4A8A2D000B1EB6 /* AWSSNS.framework */; };
		F47AF7681D4A8A2E000B1EB6 /* AWSSNS.framework in Embed Frameworks */ = {isa = PBXBuildFile; fileRef = F47AF7431D4A8A2D000B1EB6 /* AWSSNS.framework */; settings = {ATTRIBUTES = (CodeSignOnCopy, RemoveHeadersOnCopy, ); }; };
		F47AF7691D4A8A2E000B1EB6 /* AWSSQS.framework in Frameworks */ = {isa = PBXBuildFile; fileRef = F47AF7441D4A8A2D000B1EB6 /* AWSSQS.framework */; };
		F47AF76A1D4A8A2E000B1EB6 /* AWSSQS.framework in Embed Frameworks */ = {isa = PBXBuildFile; fileRef = F47AF7441D4A8A2D000B1EB6 /* AWSSQS.framework */; settings = {ATTRIBUTES = (CodeSignOnCopy, RemoveHeadersOnCopy, ); }; };
		F47EFBD81D4A5B9B00089AE6 /* PersonElement.xib in Resources */ = {isa = PBXBuildFile; fileRef = F47EFBD71D4A5B9B00089AE6 /* PersonElement.xib */; };
		F47EFBE51D4A7CD700089AE6 /* StartupElement.xib in Resources */ = {isa = PBXBuildFile; fileRef = F47EFBE41D4A7CD700089AE6 /* StartupElement.xib */; };
		F4A438A81D5AB21800ACA572 /* LoginController.m in Sources */ = {isa = PBXBuildFile; fileRef = F4A438A71D5AB21800ACA572 /* LoginController.m */; };
		F4C30C151D6114CA0031C360 /* StartupElement.m in Sources */ = {isa = PBXBuildFile; fileRef = F4C30C141D6114CA0031C360 /* StartupElement.m */; };
		F4C30C181D61150B0031C360 /* ExploreTabController.m in Sources */ = {isa = PBXBuildFile; fileRef = F4C30C171D61150B0031C360 /* ExploreTabController.m */; };
		F4C30C1E1D6136BE0031C360 /* InitialViewController.m in Sources */ = {isa = PBXBuildFile; fileRef = F4C30C1D1D6136BE0031C360 /* InitialViewController.m */; };
		F4D5FDAC1D6225A70086E91E /* PersonCollectionViewCell.m in Sources */ = {isa = PBXBuildFile; fileRef = F4D5FDAB1D6225A70086E91E /* PersonCollectionViewCell.m */; };
		F4D5FDAE1D622DE70086E91E /* AddNewIdea.xib in Resources */ = {isa = PBXBuildFile; fileRef = F4D5FDAD1D622DE70086E91E /* AddNewIdea.xib */; };
		F4D5FDB11D6235610086E91E /* AddNewIdeaElement.m in Sources */ = {isa = PBXBuildFile; fileRef = F4D5FDB01D6235610086E91E /* AddNewIdeaElement.m */; };
		F4ECA2101D627AE900944A19 /* comments-testing.xib in Resources */ = {isa = PBXBuildFile; fileRef = F4ECA20F1D627AE900944A19 /* comments-testing.xib */; };
		F4ECA2331D628EDE00944A19 /* Bulb.png in Resources */ = {isa = PBXBuildFile; fileRef = F4ECA2281D628EDE00944A19 /* Bulb.png */; };
		F4ECA2341D628EDE00944A19 /* comment.png in Resources */ = {isa = PBXBuildFile; fileRef = F4ECA2291D628EDE00944A19 /* comment.png */; };
		F4ECA2351D628EDE00944A19 /* Compass.png in Resources */ = {isa = PBXBuildFile; fileRef = F4ECA22A1D628EDE00944A19 /* Compass.png */; };
		F4ECA2361D628EDE00944A19 /* Detail Disclosure.png in Resources */ = {isa = PBXBuildFile; fileRef = F4ECA22B1D628EDE00944A19 /* Detail Disclosure.png */; };
		F4ECA2371D628EDE00944A19 /* Edit Button.png in Resources */ = {isa = PBXBuildFile; fileRef = F4ECA22C1D628EDE00944A19 /* Edit Button.png */; };
		F4ECA2381D628EDE00944A19 /* follow.png in Resources */ = {isa = PBXBuildFile; fileRef = F4ECA22D1D628EDE00944A19 /* follow.png */; };
		F4ECA2391D628EDE00944A19 /* Idea.png in Resources */ = {isa = PBXBuildFile; fileRef = F4ECA22E1D628EDE00944A19 /* Idea.png */; };
		F4ECA23A1D628EDE00944A19 /* Messaging.png in Resources */ = {isa = PBXBuildFile; fileRef = F4ECA22F1D628EDE00944A19 /* Messaging.png */; };
		F4ECA23B1D628EDE00944A19 /* navigation drawer.png in Resources */ = {isa = PBXBuildFile; fileRef = F4ECA2301D628EDE00944A19 /* navigation drawer.png */; };
		F4ECA23C1D628EDE00944A19 /* Notification.png in Resources */ = {isa = PBXBuildFile; fileRef = F4ECA2311D628EDE00944A19 /* Notification.png */; };
		F4ECA23D1D628EDE00944A19 /* search.png in Resources */ = {isa = PBXBuildFile; fileRef = F4ECA2321D628EDE00944A19 /* search.png */; };
		F4ECA2401D62987A00944A19 /* CommentTestingElement.m in Sources */ = {isa = PBXBuildFile; fileRef = F4ECA23F1D62987A00944A19 /* CommentTestingElement.m */; };
/* End PBXBuildFile section */

/* Begin PBXContainerItemProxy section */
		F407B8581D2C2EF500D80C1E /* PBXContainerItemProxy */ = {
			isa = PBXContainerItemProxy;
			containerPortal = F407B8361D2C2EF400D80C1E /* Project object */;
			proxyType = 1;
			remoteGlobalIDString = F407B83D1D2C2EF400D80C1E;
			remoteInfo = SquareOne;
		};
		F407B8631D2C2EF500D80C1E /* PBXContainerItemProxy */ = {
			isa = PBXContainerItemProxy;
			containerPortal = F407B8361D2C2EF400D80C1E /* Project object */;
			proxyType = 1;
			remoteGlobalIDString = F407B83D1D2C2EF400D80C1E;
			remoteInfo = SquareOne;
		};
/* End PBXContainerItemProxy section */

/* Begin PBXCopyFilesBuildPhase section */
		F47AF76B1D4A8A2E000B1EB6 /* Embed Frameworks */ = {
			isa = PBXCopyFilesBuildPhase;
			buildActionMask = 2147483647;
			dstPath = "";
			dstSubfolderSpec = 10;
			files = (
				F47AF76A1D4A8A2E000B1EB6 /* AWSSQS.framework in Embed Frameworks */,
				F47AF74A1D4A8A2D000B1EB6 /* AWSCloudWatch.framework in Embed Frameworks */,
				F47AF7681D4A8A2E000B1EB6 /* AWSSNS.framework in Embed Frameworks */,
				F47AF7541D4A8A2E000B1EB6 /* AWSEC2.framework in Embed Frameworks */,
				F47AF7641D4A8A2E000B1EB6 /* AWSSES.framework in Embed Frameworks */,
				F47AF7461D4A8A2D000B1EB6 /* AWSAPIGateway.framework in Embed Frameworks */,
				F47AF75C1D4A8A2E000B1EB6 /* AWSLambda.framework in Embed Frameworks */,
				F47AF7581D4A8A2E000B1EB6 /* AWSIoT.framework in Embed Frameworks */,
				F47AF74C1D4A8A2D000B1EB6 /* AWSCognito.framework in Embed Frameworks */,
				F47AF7561D4A8A2E000B1EB6 /* AWSElasticLoadBalancing.framework in Embed Frameworks */,
				F47AF7601D4A8A2E000B1EB6 /* AWSMobileAnalytics.framework in Embed Frameworks */,
				F47AF75E1D4A8A2E000B1EB6 /* AWSMachineLearning.framework in Embed Frameworks */,
				F47AF75A1D4A8A2E000B1EB6 /* AWSKinesis.framework in Embed Frameworks */,
				F47AF74E1D4A8A2E000B1EB6 /* AWSCognitoIdentityProvider.framework in Embed Frameworks */,
				F47AF7661D4A8A2E000B1EB6 /* AWSSimpleDB.framework in Embed Frameworks */,
				F47AF7481D4A8A2D000B1EB6 /* AWSAutoScaling.framework in Embed Frameworks */,
				F47AF7521D4A8A2E000B1EB6 /* AWSDynamoDB.framework in Embed Frameworks */,
				F47AF7501D4A8A2E000B1EB6 /* AWSCore.framework in Embed Frameworks */,
				F47AF7621D4A8A2E000B1EB6 /* AWSS3.framework in Embed Frameworks */,
			);
			name = "Embed Frameworks";
			runOnlyForDeploymentPostprocessing = 0;
		};
/* End PBXCopyFilesBuildPhase section */

/* Begin PBXFileReference section */
		913D502D2563A8B729EAA3BB /* Pods-SquareOne.release.xcconfig */ = {isa = PBXFileReference; includeInIndex = 1; lastKnownFileType = text.xcconfig; name = "Pods-SquareOne.release.xcconfig"; path = "Pods/Target Support Files/Pods-SquareOne/Pods-SquareOne.release.xcconfig"; sourceTree = "<group>"; };
		A7A8A6A57C758C90D0532674 /* Pods-SquareOne.debug.xcconfig */ = {isa = PBXFileReference; includeInIndex = 1; lastKnownFileType = text.xcconfig; name = "Pods-SquareOne.debug.xcconfig"; path = "Pods/Target Support Files/Pods-SquareOne/Pods-SquareOne.debug.xcconfig"; sourceTree = "<group>"; };
		F407B83E1D2C2EF400D80C1E /* SquareOne.app */ = {isa = PBXFileReference; explicitFileType = wrapper.application; includeInIndex = 0; path = SquareOne.app; sourceTree = BUILT_PRODUCTS_DIR; };
		F407B8421D2C2EF400D80C1E /* main.m */ = {isa = PBXFileReference; lastKnownFileType = sourcecode.c.objc; path = main.m; sourceTree = "<group>"; };
		F407B8441D2C2EF400D80C1E /* AppDelegate.h */ = {isa = PBXFileReference; lastKnownFileType = sourcecode.c.h; path = AppDelegate.h; sourceTree = "<group>"; };
		F407B8451D2C2EF400D80C1E /* AppDelegate.m */ = {isa = PBXFileReference; lastKnownFileType = sourcecode.c.objc; path = AppDelegate.m; sourceTree = "<group>"; };
		F407B84B1D2C2EF400D80C1E /* Base */ = {isa = PBXFileReference; lastKnownFileType = file.storyboard; name = Base; path = Base.lproj/Main.storyboard; sourceTree = "<group>"; };
		F407B84D1D2C2EF400D80C1E /* Assets.xcassets */ = {isa = PBXFileReference; lastKnownFileType = folder.assetcatalog; path = Assets.xcassets; sourceTree = "<group>"; };
		F407B8501D2C2EF400D80C1E /* Base */ = {isa = PBXFileReference; lastKnownFileType = file.storyboard; name = Base; path = Base.lproj/LaunchScreen.storyboard; sourceTree = "<group>"; };
		F407B8521D2C2EF400D80C1E /* Info.plist */ = {isa = PBXFileReference; lastKnownFileType = text.plist.xml; path = Info.plist; sourceTree = "<group>"; };
		F407B8571D2C2EF500D80C1E /* SquareOneTests.xctest */ = {isa = PBXFileReference; explicitFileType = wrapper.cfbundle; includeInIndex = 0; path = SquareOneTests.xctest; sourceTree = BUILT_PRODUCTS_DIR; };
		F407B85B1D2C2EF500D80C1E /* SquareOneTests.m */ = {isa = PBXFileReference; lastKnownFileType = sourcecode.c.objc; path = SquareOneTests.m; sourceTree = "<group>"; };
		F407B85D1D2C2EF500D80C1E /* Info.plist */ = {isa = PBXFileReference; lastKnownFileType = text.plist.xml; path = Info.plist; sourceTree = "<group>"; };
		F407B8621D2C2EF500D80C1E /* SquareOneUITests.xctest */ = {isa = PBXFileReference; explicitFileType = wrapper.cfbundle; includeInIndex = 0; path = SquareOneUITests.xctest; sourceTree = BUILT_PRODUCTS_DIR; };
		F407B8661D2C2EF500D80C1E /* SquareOneUITests.m */ = {isa = PBXFileReference; lastKnownFileType = sourcecode.c.objc; path = SquareOneUITests.m; sourceTree = "<group>"; };
		F407B8681D2C2EF500D80C1E /* Info.plist */ = {isa = PBXFileReference; lastKnownFileType = text.plist.xml; path = Info.plist; sourceTree = "<group>"; };
		F40EA10E1D46A89200FE248F /* IdeaElement.xib */ = {isa = PBXFileReference; fileEncoding = 4; lastKnownFileType = file.xib; path = IdeaElement.xib; sourceTree = "<group>"; };
		F40EA1121D47DEBE00FE248F /* VerificationController.m */ = {isa = PBXFileReference; fileEncoding = 4; lastKnownFileType = sourcecode.c.objc; path = VerificationController.m; sourceTree = "<group>"; };
		F40EA1141D47DECA00FE248F /* VerificationController.h */ = {isa = PBXFileReference; lastKnownFileType = sourcecode.c.h; path = VerificationController.h; sourceTree = "<group>"; };
		F43762291D303D5200729D54 /* NotificationElement.xib */ = {isa = PBXFileReference; fileEncoding = 4; lastKnownFileType = file.xib; path = NotificationElement.xib; sourceTree = "<group>"; };
		F437622B1D3413FD00729D54 /* elementParent.m */ = {isa = PBXFileReference; fileEncoding = 4; lastKnownFileType = sourcecode.c.objc; path = elementParent.m; sourceTree = "<group>"; };
		F437622D1D34140B00729D54 /* elementParent.h */ = {isa = PBXFileReference; lastKnownFileType = sourcecode.c.h; path = elementParent.h; sourceTree = "<group>"; };
		F45DA7831D48269C00B31AA7 /* IdeaTabController.m */ = {isa = PBXFileReference; fileEncoding = 4; lastKnownFileType = sourcecode.c.objc; path = IdeaTabController.m; sourceTree = "<group>"; };
		F45DA7851D4826AB00B31AA7 /* IdeaTabController.h */ = {isa = PBXFileReference; lastKnownFileType = sourcecode.c.h; name = IdeaTabController.h; path = ../IdeaTabController.h; sourceTree = "<group>"; };
		F465B9871D5FB07C008F1371 /* IdeaControllerCollectionViewCell.h */ = {isa = PBXFileReference; fileEncoding = 4; lastKnownFileType = sourcecode.c.h; path = IdeaControllerCollectionViewCell.h; sourceTree = "<group>"; };
		F465B9881D5FB07C008F1371 /* IdeaControllerCollectionViewCell.m */ = {isa = PBXFileReference; fileEncoding = 4; lastKnownFileType = sourcecode.c.objc; path = IdeaControllerCollectionViewCell.m; sourceTree = "<group>"; };
		F465B98B1D5FDCD0008F1371 /* IdeaModel.h */ = {isa = PBXFileReference; fileEncoding = 4; lastKnownFileType = sourcecode.c.h; path = IdeaModel.h; sourceTree = "<group>"; };
		F465B98C1D5FDCD0008F1371 /* IdeaModel.m */ = {isa = PBXFileReference; fileEncoding = 4; lastKnownFileType = sourcecode.c.objc; path = IdeaModel.m; sourceTree = "<group>"; };
		F47776981D6358480041BB03 /* exploreTab-data.json */ = {isa = PBXFileReference; fileEncoding = 4; lastKnownFileType = text.json; name = "exploreTab-data.json"; path = "../JSON/exploreTab-data.json"; sourceTree = "<group>"; };
		F477769A1D6358760041BB03 /* Aaron Wong.png */ = {isa = PBXFileReference; lastKnownFileType = image.png; name = "Aaron Wong.png"; path = "../Aaron Wong.png"; sourceTree = "<group>"; };
		F477769B1D6358760041BB03 /* Aaron Wong's Skill.png */ = {isa = PBXFileReference; lastKnownFileType = image.png; name = "Aaron Wong's Skill.png"; path = "../Aaron Wong's Skill.png"; sourceTree = "<group>"; };
		F477769C1D6358760041BB03 /* Ashley Taylor's Skill.png */ = {isa = PBXFileReference; lastKnownFileType = image.png; name = "Ashley Taylor's Skill.png"; path = "../Ashley Taylor's Skill.png"; sourceTree = "<group>"; };
		F477769D1D6358760041BB03 /* Christine Hunter.png */ = {isa = PBXFileReference; lastKnownFileType = image.png; name = "Christine Hunter.png"; path = "../Christine Hunter.png"; sourceTree = "<group>"; };
		F477769E1D6358760041BB03 /* Christine Hunter's Skill.png */ = {isa = PBXFileReference; lastKnownFileType = image.png; name = "Christine Hunter's Skill.png"; path = "../Christine Hunter's Skill.png"; sourceTree = "<group>"; };
		F477769F1D6358760041BB03 /* David Cruz.png */ = {isa = PBXFileReference; lastKnownFileType = image.png; name = "David Cruz.png"; path = "../David Cruz.png"; sourceTree = "<group>"; };
		F47776A01D6358760041BB03 /* David Cruz's Skill.png */ = {isa = PBXFileReference; lastKnownFileType = image.png; name = "David Cruz's Skill.png"; path = "../David Cruz's Skill.png"; sourceTree = "<group>"; };
		F47776A11D6358760041BB03 /* Emily Lane.png */ = {isa = PBXFileReference; lastKnownFileType = image.png; name = "Emily Lane.png"; path = "../Emily Lane.png"; sourceTree = "<group>"; };
		F47776A21D6358760041BB03 /* Evelyn Jackson.png */ = {isa = PBXFileReference; lastKnownFileType = image.png; name = "Evelyn Jackson.png"; path = "../Evelyn Jackson.png"; sourceTree = "<group>"; };
		F47776A31D6358760041BB03 /* Evelyn Jackson's Skill.png */ = {isa = PBXFileReference; lastKnownFileType = image.png; name = "Evelyn Jackson's Skill.png"; path = "../Evelyn Jackson's Skill.png"; sourceTree = "<group>"; };
		F47776A41D6358760041BB03 /* Hannah Nguyen.png */ = {isa = PBXFileReference; lastKnownFileType = image.png; name = "Hannah Nguyen.png"; path = "../Hannah Nguyen.png"; sourceTree = "<group>"; };
		F47776A51D6358760041BB03 /* Hannah Nguyen's Skill.png */ = {isa = PBXFileReference; lastKnownFileType = image.png; name = "Hannah Nguyen's Skill.png"; path = "../Hannah Nguyen's Skill.png"; sourceTree = "<group>"; };
		F47776A61D6358760041BB03 /* Jack Murphy.png */ = {isa = PBXFileReference; lastKnownFileType = image.png; name = "Jack Murphy.png"; path = "../Jack Murphy.png"; sourceTree = "<group>"; };
		F47776A71D6358760041BB03 /* Jack Murphy's Skill.png */ = {isa = PBXFileReference; lastKnownFileType = image.png; name = "Jack Murphy's Skill.png"; path = "../Jack Murphy's Skill.png"; sourceTree = "<group>"; };
		F47776A81D6358760041BB03 /* Jamie Sanchez.png */ = {isa = PBXFileReference; lastKnownFileType = image.png; name = "Jamie Sanchez.png"; path = "../Jamie Sanchez.png"; sourceTree = "<group>"; };
		F47776A91D6358760041BB03 /* Jamie Sanchez's Skill.png */ = {isa = PBXFileReference; lastKnownFileType = image.png; name = "Jamie Sanchez's Skill.png"; path = "../Jamie Sanchez's Skill.png"; sourceTree = "<group>"; };
		F47776AA1D6358760041BB03 /* Josh Walker.png */ = {isa = PBXFileReference; lastKnownFileType = image.png; name = "Josh Walker.png"; path = "../Josh Walker.png"; sourceTree = "<group>"; };
		F47776AB1D6358760041BB03 /* Josh Walker's Skill.png */ = {isa = PBXFileReference; lastKnownFileType = image.png; name = "Josh Walker's Skill.png"; path = "../Josh Walker's Skill.png"; sourceTree = "<group>"; };
		F47776AC1D6358760041BB03 /* Laura Wilson.png */ = {isa = PBXFileReference; lastKnownFileType = image.png; name = "Laura Wilson.png"; path = "../Laura Wilson.png"; sourceTree = "<group>"; };
		F47776AD1D6358760041BB03 /* Laura Wilson's Skill.png */ = {isa = PBXFileReference; lastKnownFileType = image.png; name = "Laura Wilson's Skill.png"; path = "../Laura Wilson's Skill.png"; sourceTree = "<group>"; };
		F47776AE1D6358760041BB03 /* Stephen Jones.png */ = {isa = PBXFileReference; lastKnownFileType = image.png; name = "Stephen Jones.png"; path = "../Stephen Jones.png"; sourceTree = "<group>"; };
		F47776AF1D6358760041BB03 /* Stephen Jones's Skill.png */ = {isa = PBXFileReference; lastKnownFileType = image.png; name = "Stephen Jones's Skill.png"; path = "../Stephen Jones's Skill.png"; sourceTree = "<group>"; };
		F47776B01D6358760041BB03 /* Thomas Bennet.png */ = {isa = PBXFileReference; lastKnownFileType = image.png; name = "Thomas Bennet.png"; path = "../Thomas Bennet.png"; sourceTree = "<group>"; };
		F47776B11D6358760041BB03 /* Thomas Bennet's Skill.png */ = {isa = PBXFileReference; lastKnownFileType = image.png; name = "Thomas Bennet's Skill.png"; path = "../Thomas Bennet's Skill.png"; sourceTree = "<group>"; };
		F47776CE1D6358F20041BB03 /* Bayou Kitchen.png */ = {isa = PBXFileReference; lastKnownFileType = image.png; path = "Bayou Kitchen.png"; sourceTree = "<group>"; };
		F47776CF1D6358F20041BB03 /* Bayou Kitchen's Media.png */ = {isa = PBXFileReference; lastKnownFileType = image.png; path = "Bayou Kitchen's Media.png"; sourceTree = "<group>"; };
		F47776D01D6358F20041BB03 /* E-bykes Media.png */ = {isa = PBXFileReference; lastKnownFileType = image.png; path = "E-bykes Media.png"; sourceTree = "<group>"; };
		F47776D11D6358F20041BB03 /* E-bykes.png */ = {isa = PBXFileReference; lastKnownFileType = image.png; path = "E-bykes.png"; sourceTree = "<group>"; };
		F47776D21D6358F20041BB03 /* Honey B's Media.png */ = {isa = PBXFileReference; lastKnownFileType = image.png; path = "Honey B's Media.png"; sourceTree = "<group>"; };
		F47776D31D6358F20041BB03 /* Honey B's.png */ = {isa = PBXFileReference; lastKnownFileType = image.png; path = "Honey B's.png"; sourceTree = "<group>"; };
		F47776D41D6358F20041BB03 /* Shadi Adada.png */ = {isa = PBXFileReference; lastKnownFileType = image.png; path = "Shadi Adada.png"; sourceTree = "<group>"; };
		F47776D51D6358F20041BB03 /* Shadi Adada's Media (small).png */ = {isa = PBXFileReference; lastKnownFileType = image.png; path = "Shadi Adada's Media (small).png"; sourceTree = "<group>"; };
		F47776D61D6358F20041BB03 /* Shadi Adada's Media.png */ = {isa = PBXFileReference; lastKnownFileType = image.png; path = "Shadi Adada's Media.png"; sourceTree = "<group>"; };
		F47776D71D6358F20041BB03 /* Smart Jump Media.png */ = {isa = PBXFileReference; lastKnownFileType = image.png; path = "Smart Jump Media.png"; sourceTree = "<group>"; };
		F47776D81D6358F20041BB03 /* Smart Jump.png */ = {isa = PBXFileReference; lastKnownFileType = image.png; path = "Smart Jump.png"; sourceTree = "<group>"; };
		F47776D91D6358F20041BB03 /* SQ1_Logo_Unedited.png */ = {isa = PBXFileReference; lastKnownFileType = image.png; path = SQ1_Logo_Unedited.png; sourceTree = "<group>"; };
		F47776DA1D6358F20041BB03 /* SQ1_Logo.png */ = {isa = PBXFileReference; lastKnownFileType = image.png; path = SQ1_Logo.png; sourceTree = "<group>"; };
		F47776DB1D6358F20041BB03 /* Wedding Media1.png */ = {isa = PBXFileReference; lastKnownFileType = image.png; path = "Wedding Media1.png"; sourceTree = "<group>"; };
		F47776DC1D6358F20041BB03 /* Wedding Media2.png */ = {isa = PBXFileReference; lastKnownFileType = image.png; path = "Wedding Media2.png"; sourceTree = "<group>"; };
		F47776EC1D6359B20041BB03 /* ColoredBulb.png */ = {isa = PBXFileReference; lastKnownFileType = image.png; path = ColoredBulb.png; sourceTree = "<group>"; };
		F47776ED1D6359B20041BB03 /* ColoredCompass.png */ = {isa = PBXFileReference; lastKnownFileType = image.png; path = ColoredCompass.png; sourceTree = "<group>"; };
		F47776EE1D6359B20041BB03 /* Coloredfollow.png */ = {isa = PBXFileReference; lastKnownFileType = image.png; path = Coloredfollow.png; sourceTree = "<group>"; };
		F47776EF1D6359B20041BB03 /* ColoredIdea.png */ = {isa = PBXFileReference; lastKnownFileType = image.png; path = ColoredIdea.png; sourceTree = "<group>"; };
		F47776F01D6359B20041BB03 /* ColoredMessaging.png */ = {isa = PBXFileReference; lastKnownFileType = image.png; path = ColoredMessaging.png; sourceTree = "<group>"; };
		F47776F11D6359B20041BB03 /* ColoredNotification.png */ = {isa = PBXFileReference; lastKnownFileType = image.png; path = ColoredNotification.png; sourceTree = "<group>"; };
		F47776F81D635CDD0041BB03 /* startups.json */ = {isa = PBXFileReference; fileEncoding = 4; lastKnownFileType = text.json; path = startups.json; sourceTree = "<group>"; };
		F47AF7321D4A8A2D000B1EB6 /* AWSAPIGateway.framework */ = {isa = PBXFileReference; lastKnownFileType = wrapper.framework; path = AWSAPIGateway.framework; sourceTree = "<group>"; };
		F47AF7331D4A8A2D000B1EB6 /* AWSAutoScaling.framework */ = {isa = PBXFileReference; lastKnownFileType = wrapper.framework; path = AWSAutoScaling.framework; sourceTree = "<group>"; };
		F47AF7341D4A8A2D000B1EB6 /* AWSCloudWatch.framework */ = {isa = PBXFileReference; lastKnownFileType = wrapper.framework; path = AWSCloudWatch.framework; sourceTree = "<group>"; };
		F47AF7351D4A8A2D000B1EB6 /* AWSCognito.framework */ = {isa = PBXFileReference; lastKnownFileType = wrapper.framework; path = AWSCognito.framework; sourceTree = "<group>"; };
		F47AF7361D4A8A2D000B1EB6 /* AWSCognitoIdentityProvider.framework */ = {isa = PBXFileReference; lastKnownFileType = wrapper.framework; path = AWSCognitoIdentityProvider.framework; sourceTree = "<group>"; };
		F47AF7371D4A8A2D000B1EB6 /* AWSCore.framework */ = {isa = PBXFileReference; lastKnownFileType = wrapper.framework; path = AWSCore.framework; sourceTree = "<group>"; };
		F47AF7381D4A8A2D000B1EB6 /* AWSDynamoDB.framework */ = {isa = PBXFileReference; lastKnownFileType = wrapper.framework; path = AWSDynamoDB.framework; sourceTree = "<group>"; };
		F47AF7391D4A8A2D000B1EB6 /* AWSEC2.framework */ = {isa = PBXFileReference; lastKnownFileType = wrapper.framework; path = AWSEC2.framework; sourceTree = "<group>"; };
		F47AF73A1D4A8A2D000B1EB6 /* AWSElasticLoadBalancing.framework */ = {isa = PBXFileReference; lastKnownFileType = wrapper.framework; path = AWSElasticLoadBalancing.framework; sourceTree = "<group>"; };
		F47AF73B1D4A8A2D000B1EB6 /* AWSIoT.framework */ = {isa = PBXFileReference; lastKnownFileType = wrapper.framework; path = AWSIoT.framework; sourceTree = "<group>"; };
		F47AF73C1D4A8A2D000B1EB6 /* AWSKinesis.framework */ = {isa = PBXFileReference; lastKnownFileType = wrapper.framework; path = AWSKinesis.framework; sourceTree = "<group>"; };
		F47AF73D1D4A8A2D000B1EB6 /* AWSLambda.framework */ = {isa = PBXFileReference; lastKnownFileType = wrapper.framework; path = AWSLambda.framework; sourceTree = "<group>"; };
		F47AF73E1D4A8A2D000B1EB6 /* AWSMachineLearning.framework */ = {isa = PBXFileReference; lastKnownFileType = wrapper.framework; path = AWSMachineLearning.framework; sourceTree = "<group>"; };
		F47AF73F1D4A8A2D000B1EB6 /* AWSMobileAnalytics.framework */ = {isa = PBXFileReference; lastKnownFileType = wrapper.framework; path = AWSMobileAnalytics.framework; sourceTree = "<group>"; };
		F47AF7401D4A8A2D000B1EB6 /* AWSS3.framework */ = {isa = PBXFileReference; lastKnownFileType = wrapper.framework; path = AWSS3.framework; sourceTree = "<group>"; };
		F47AF7411D4A8A2D000B1EB6 /* AWSSES.framework */ = {isa = PBXFileReference; lastKnownFileType = wrapper.framework; path = AWSSES.framework; sourceTree = "<group>"; };
		F47AF7421D4A8A2D000B1EB6 /* AWSSimpleDB.framework */ = {isa = PBXFileReference; lastKnownFileType = wrapper.framework; path = AWSSimpleDB.framework; sourceTree = "<group>"; };
		F47AF7431D4A8A2D000B1EB6 /* AWSSNS.framework */ = {isa = PBXFileReference; lastKnownFileType = wrapper.framework; path = AWSSNS.framework; sourceTree = "<group>"; };
		F47AF7441D4A8A2D000B1EB6 /* AWSSQS.framework */ = {isa = PBXFileReference; lastKnownFileType = wrapper.framework; path = AWSSQS.framework; sourceTree = "<group>"; };
		F47AF76E1D4A8BE6000B1EB6 /* RegistrationController.h */ = {isa = PBXFileReference; fileEncoding = 4; lastKnownFileType = sourcecode.c.h; path = RegistrationController.h; sourceTree = "<group>"; };
		F47AF76F1D4A8BE6000B1EB6 /* RegistrationController.m */ = {isa = PBXFileReference; fileEncoding = 4; lastKnownFileType = sourcecode.c.objc; path = RegistrationController.m; sourceTree = "<group>"; };
		F47EFBD41D4A596B00089AE6 /* IdeaElement.h */ = {isa = PBXFileReference; lastKnownFileType = sourcecode.c.h; path = IdeaElement.h; sourceTree = "<group>"; };
		F47EFBD51D4A598D00089AE6 /* IdeaElement.m */ = {isa = PBXFileReference; fileEncoding = 4; lastKnownFileType = sourcecode.c.objc; path = IdeaElement.m; sourceTree = "<group>"; };
		F47EFBD71D4A5B9B00089AE6 /* PersonElement.xib */ = {isa = PBXFileReference; fileEncoding = 4; lastKnownFileType = file.xib; path = PersonElement.xib; sourceTree = "<group>"; };
		F47EFBD91D4A61F700089AE6 /* PersonElement.m */ = {isa = PBXFileReference; fileEncoding = 4; lastKnownFileType = sourcecode.c.objc; path = PersonElement.m; sourceTree = "<group>"; };
		F47EFBDB1D4A620400089AE6 /* PersonElement.h */ = {isa = PBXFileReference; lastKnownFileType = sourcecode.c.h; name = PersonElement.h; path = ../PersonElement.h; sourceTree = "<group>"; };
		F47EFBDE1D4A748800089AE6 /* SingleRowFlow.h */ = {isa = PBXFileReference; fileEncoding = 4; lastKnownFileType = sourcecode.c.h; path = SingleRowFlow.h; sourceTree = "<group>"; };
		F47EFBDF1D4A748800089AE6 /* SingleRowFlow.m */ = {isa = PBXFileReference; fileEncoding = 4; lastKnownFileType = sourcecode.c.objc; path = SingleRowFlow.m; sourceTree = "<group>"; };
		F47EFBE11D4A766E00089AE6 /* MenuController.h */ = {isa = PBXFileReference; fileEncoding = 4; lastKnownFileType = sourcecode.c.h; path = MenuController.h; sourceTree = "<group>"; };
		F47EFBE21D4A766E00089AE6 /* MenuController.m */ = {isa = PBXFileReference; fileEncoding = 4; lastKnownFileType = sourcecode.c.objc; path = MenuController.m; sourceTree = "<group>"; };
		F47EFBE41D4A7CD700089AE6 /* StartupElement.xib */ = {isa = PBXFileReference; fileEncoding = 4; lastKnownFileType = file.xib; path = StartupElement.xib; sourceTree = "<group>"; };
		F47EFBE71D4A82C500089AE6 /* LambdaConfig.h */ = {isa = PBXFileReference; fileEncoding = 4; lastKnownFileType = sourcecode.c.h; path = LambdaConfig.h; sourceTree = "<group>"; };
		F47EFBE81D4A82C500089AE6 /* LambdaConfig.m */ = {isa = PBXFileReference; fileEncoding = 4; lastKnownFileType = sourcecode.c.objc; path = LambdaConfig.m; sourceTree = "<group>"; };
		F4A438A61D5AB21800ACA572 /* LoginController.h */ = {isa = PBXFileReference; fileEncoding = 4; lastKnownFileType = sourcecode.c.h; path = LoginController.h; sourceTree = "<group>"; };
		F4A438A71D5AB21800ACA572 /* LoginController.m */ = {isa = PBXFileReference; fileEncoding = 4; lastKnownFileType = sourcecode.c.objc; path = LoginController.m; sourceTree = "<group>"; };
		F4C30C131D6114CA0031C360 /* StartupElement.h */ = {isa = PBXFileReference; fileEncoding = 4; lastKnownFileType = sourcecode.c.h; path = StartupElement.h; sourceTree = "<group>"; };
		F4C30C141D6114CA0031C360 /* StartupElement.m */ = {isa = PBXFileReference; fileEncoding = 4; lastKnownFileType = sourcecode.c.objc; path = StartupElement.m; sourceTree = "<group>"; };
		F4C30C161D61150B0031C360 /* ExploreTabController.h */ = {isa = PBXFileReference; fileEncoding = 4; lastKnownFileType = sourcecode.c.h; path = ExploreTabController.h; sourceTree = "<group>"; };
		F4C30C171D61150B0031C360 /* ExploreTabController.m */ = {isa = PBXFileReference; fileEncoding = 4; lastKnownFileType = sourcecode.c.objc; path = ExploreTabController.m; sourceTree = "<group>"; };
		F4C30C1C1D6136BE0031C360 /* InitialViewController.h */ = {isa = PBXFileReference; fileEncoding = 4; lastKnownFileType = sourcecode.c.h; path = InitialViewController.h; sourceTree = "<group>"; };
		F4C30C1D1D6136BE0031C360 /* InitialViewController.m */ = {isa = PBXFileReference; fileEncoding = 4; lastKnownFileType = sourcecode.c.objc; path = InitialViewController.m; sourceTree = "<group>"; };
		F4D5FDAA1D6225A70086E91E /* PersonCollectionViewCell.h */ = {isa = PBXFileReference; fileEncoding = 4; lastKnownFileType = sourcecode.c.h; path = PersonCollectionViewCell.h; sourceTree = "<group>"; };
		F4D5FDAB1D6225A70086E91E /* PersonCollectionViewCell.m */ = {isa = PBXFileReference; fileEncoding = 4; lastKnownFileType = sourcecode.c.objc; path = PersonCollectionViewCell.m; sourceTree = "<group>"; };
		F4D5FDAD1D622DE70086E91E /* AddNewIdea.xib */ = {isa = PBXFileReference; fileEncoding = 4; lastKnownFileType = file.xib; path = AddNewIdea.xib; sourceTree = "<group>"; };
		F4D5FDAF1D6235610086E91E /* AddNewIdeaElement.h */ = {isa = PBXFileReference; fileEncoding = 4; lastKnownFileType = sourcecode.c.h; path = AddNewIdeaElement.h; sourceTree = "<group>"; };
		F4D5FDB01D6235610086E91E /* AddNewIdeaElement.m */ = {isa = PBXFileReference; fileEncoding = 4; lastKnownFileType = sourcecode.c.objc; path = AddNewIdeaElement.m; sourceTree = "<group>"; };
		F4E420051D373043004DCCB3 /* testController.m */ = {isa = PBXFileReference; fileEncoding = 4; lastKnownFileType = sourcecode.c.objc; path = testController.m; sourceTree = "<group>"; };
		F4E420081D3730CE004DCCB3 /* testController.h */ = {isa = PBXFileReference; lastKnownFileType = sourcecode.c.h; path = testController.h; sourceTree = "<group>"; };
		F4ECA20F1D627AE900944A19 /* comments-testing.xib */ = {isa = PBXFileReference; fileEncoding = 4; lastKnownFileType = file.xib; path = "comments-testing.xib"; sourceTree = "<group>"; };
		F4ECA2281D628EDE00944A19 /* Bulb.png */ = {isa = PBXFileReference; lastKnownFileType = image.png; path = Bulb.png; sourceTree = "<group>"; };
		F4ECA2291D628EDE00944A19 /* comment.png */ = {isa = PBXFileReference; lastKnownFileType = image.png; path = comment.png; sourceTree = "<group>"; };
		F4ECA22A1D628EDE00944A19 /* Compass.png */ = {isa = PBXFileReference; lastKnownFileType = image.png; path = Compass.png; sourceTree = "<group>"; };
		F4ECA22B1D628EDE00944A19 /* Detail Disclosure.png */ = {isa = PBXFileReference; lastKnownFileType = image.png; path = "Detail Disclosure.png"; sourceTree = "<group>"; };
		F4ECA22C1D628EDE00944A19 /* Edit Button.png */ = {isa = PBXFileReference; lastKnownFileType = image.png; path = "Edit Button.png"; sourceTree = "<group>"; };
		F4ECA22D1D628EDE00944A19 /* follow.png */ = {isa = PBXFileReference; lastKnownFileType = image.png; path = follow.png; sourceTree = "<group>"; };
		F4ECA22E1D628EDE00944A19 /* Idea.png */ = {isa = PBXFileReference; lastKnownFileType = image.png; path = Idea.png; sourceTree = "<group>"; };
		F4ECA22F1D628EDE00944A19 /* Messaging.png */ = {isa = PBXFileReference; lastKnownFileType = image.png; path = Messaging.png; sourceTree = "<group>"; };
		F4ECA2301D628EDE00944A19 /* navigation drawer.png */ = {isa = PBXFileReference; lastKnownFileType = image.png; path = "navigation drawer.png"; sourceTree = "<group>"; };
		F4ECA2311D628EDE00944A19 /* Notification.png */ = {isa = PBXFileReference; lastKnownFileType = image.png; path = Notification.png; sourceTree = "<group>"; };
		F4ECA2321D628EDE00944A19 /* search.png */ = {isa = PBXFileReference; lastKnownFileType = image.png; path = search.png; sourceTree = "<group>"; };
		F4ECA23E1D62987A00944A19 /* CommentTestingElement.h */ = {isa = PBXFileReference; fileEncoding = 4; lastKnownFileType = sourcecode.c.h; path = CommentTestingElement.h; sourceTree = "<group>"; };
		F4ECA23F1D62987A00944A19 /* CommentTestingElement.m */ = {isa = PBXFileReference; fileEncoding = 4; lastKnownFileType = sourcecode.c.objc; path = CommentTestingElement.m; sourceTree = "<group>"; };
/* End PBXFileReference section */

/* Begin PBXFrameworksBuildPhase section */
		F407B83B1D2C2EF400D80C1E /* Frameworks */ = {
			isa = PBXFrameworksBuildPhase;
			buildActionMask = 2147483647;
			files = (
				F47AF7691D4A8A2E000B1EB6 /* AWSSQS.framework in Frameworks */,
				F47AF7491D4A8A2D000B1EB6 /* AWSCloudWatch.framework in Frameworks */,
				F47AF7671D4A8A2E000B1EB6 /* AWSSNS.framework in Frameworks */,
				F47AF7531D4A8A2E000B1EB6 /* AWSEC2.framework in Frameworks */,
				F47AF7631D4A8A2E000B1EB6 /* AWSSES.framework in Frameworks */,
				F47AF7451D4A8A2D000B1EB6 /* AWSAPIGateway.framework in Frameworks */,
				F47AF75B1D4A8A2E000B1EB6 /* AWSLambda.framework in Frameworks */,
				F47AF7571D4A8A2E000B1EB6 /* AWSIoT.framework in Frameworks */,
				F47AF74B1D4A8A2D000B1EB6 /* AWSCognito.framework in Frameworks */,
				F47AF7551D4A8A2E000B1EB6 /* AWSElasticLoadBalancing.framework in Frameworks */,
				F47AF75F1D4A8A2E000B1EB6 /* AWSMobileAnalytics.framework in Frameworks */,
				F47AF75D1D4A8A2E000B1EB6 /* AWSMachineLearning.framework in Frameworks */,
				F47AF7591D4A8A2E000B1EB6 /* AWSKinesis.framework in Frameworks */,
				F47AF74D1D4A8A2D000B1EB6 /* AWSCognitoIdentityProvider.framework in Frameworks */,
				F47AF7651D4A8A2E000B1EB6 /* AWSSimpleDB.framework in Frameworks */,
				F47AF7471D4A8A2D000B1EB6 /* AWSAutoScaling.framework in Frameworks */,
				F47AF7511D4A8A2E000B1EB6 /* AWSDynamoDB.framework in Frameworks */,
				F47AF74F1D4A8A2E000B1EB6 /* AWSCore.framework in Frameworks */,
				F47AF7611D4A8A2E000B1EB6 /* AWSS3.framework in Frameworks */,
			);
			runOnlyForDeploymentPostprocessing = 0;
		};
		F407B8541D2C2EF500D80C1E /* Frameworks */ = {
			isa = PBXFrameworksBuildPhase;
			buildActionMask = 2147483647;
			files = (
			);
			runOnlyForDeploymentPostprocessing = 0;
		};
		F407B85F1D2C2EF500D80C1E /* Frameworks */ = {
			isa = PBXFrameworksBuildPhase;
			buildActionMask = 2147483647;
			files = (
			);
			runOnlyForDeploymentPostprocessing = 0;
		};
/* End PBXFrameworksBuildPhase section */

/* Begin PBXGroup section */
		39FE7B2944686485B9982F3D /* Pods */ = {
			isa = PBXGroup;
			children = (
				A7A8A6A57C758C90D0532674 /* Pods-SquareOne.debug.xcconfig */,
				913D502D2563A8B729EAA3BB /* Pods-SquareOne.release.xcconfig */,
			);
			name = Pods;
			sourceTree = "<group>";
		};
		F407B8351D2C2EF400D80C1E = {
			isa = PBXGroup;
			children = (
				F407B8401D2C2EF400D80C1E /* SquareOne */,
				F407B85A1D2C2EF500D80C1E /* SquareOneTests */,
				F407B8651D2C2EF500D80C1E /* SquareOneUITests */,
				F407B83F1D2C2EF400D80C1E /* Products */,
				F47AF76C1D4A8A3A000B1EB6 /* Framkeworks */,
				39FE7B2944686485B9982F3D /* Pods */,
			);
			sourceTree = "<group>";
		};
		F407B83F1D2C2EF400D80C1E /* Products */ = {
			isa = PBXGroup;
			children = (
				F407B83E1D2C2EF400D80C1E /* SquareOne.app */,
				F407B8571D2C2EF500D80C1E /* SquareOneTests.xctest */,
				F407B8621D2C2EF500D80C1E /* SquareOneUITests.xctest */,
			);
			name = Products;
			sourceTree = "<group>";
		};
		F407B8401D2C2EF400D80C1E /* SquareOne */ = {
			isa = PBXGroup;
			children = (
				F465B98A1D5FDC9E008F1371 /* DataModels */,
				F407B8441D2C2EF400D80C1E /* AppDelegate.h */,
				F407B8451D2C2EF400D80C1E /* AppDelegate.m */,
				F47EFBE61D4A825500089AE6 /* AWS/Lambda */,
				F47EFBDC1D4A73F700089AE6 /* Custom UISubclasses */,
				F465B9801D5FAF5E008F1371 /* Delegates */,
				F45DA7871D4826EA00B31AA7 /* Element Classes */,
				F40EA1111D47DCD700FE248F /* ViewControllers */,
				F40EA1101D47DCB100FE248F /* StoryBoards and Elements */,
				F407B84D1D2C2EF400D80C1E /* Assets.xcassets */,
				F4ECA2271D62877C00944A19 /* Assets */,
				F4D5FDA91D6224AB0086E91E /* json */,
				F407B8521D2C2EF400D80C1E /* Info.plist */,
				F407B8411D2C2EF400D80C1E /* Supporting Files */,
			);
			path = SquareOne;
			sourceTree = "<group>";
		};
		F407B8411D2C2EF400D80C1E /* Supporting Files */ = {
			isa = PBXGroup;
			children = (
				F407B8421D2C2EF400D80C1E /* main.m */,
			);
			name = "Supporting Files";
			sourceTree = "<group>";
		};
		F407B85A1D2C2EF500D80C1E /* SquareOneTests */ = {
			isa = PBXGroup;
			children = (
				F407B85B1D2C2EF500D80C1E /* SquareOneTests.m */,
				F407B85D1D2C2EF500D80C1E /* Info.plist */,
			);
			path = SquareOneTests;
			sourceTree = "<group>";
		};
		F407B8651D2C2EF500D80C1E /* SquareOneUITests */ = {
			isa = PBXGroup;
			children = (
				F407B8661D2C2EF500D80C1E /* SquareOneUITests.m */,
				F407B8681D2C2EF500D80C1E /* Info.plist */,
			);
			path = SquareOneUITests;
			sourceTree = "<group>";
		};
		F40EA1101D47DCB100FE248F /* StoryBoards and Elements */ = {
			isa = PBXGroup;
			children = (
				F407B84A1D2C2EF400D80C1E /* Main.storyboard */,
				F43762291D303D5200729D54 /* NotificationElement.xib */,
				F47EFBD71D4A5B9B00089AE6 /* PersonElement.xib */,
				F47EFBE41D4A7CD700089AE6 /* StartupElement.xib */,
				F40EA10E1D46A89200FE248F /* IdeaElement.xib */,
				F407B84F1D2C2EF400D80C1E /* LaunchScreen.storyboard */,
				F4D5FDAD1D622DE70086E91E /* AddNewIdea.xib */,
				F4ECA20F1D627AE900944A19 /* comments-testing.xib */,
			);
			name = "StoryBoards and Elements";
			sourceTree = "<group>";
		};
		F40EA1111D47DCD700FE248F /* ViewControllers */ = {
			isa = PBXGroup;
			children = (
				F4C30C191D61151F0031C360 /* TabControllers */,
				F4C30C1A1D6115320031C360 /* LoginRegisterControllers */,
				F4C30C1B1D61154E0031C360 /* TestControllers */,
			);
			name = ViewControllers;
			sourceTree = "<group>";
		};
		F45DA7871D4826EA00B31AA7 /* Element Classes */ = {
			isa = PBXGroup;
			children = (
				F4D5FDAF1D6235610086E91E /* AddNewIdeaElement.h */,
				F4D5FDB01D6235610086E91E /* AddNewIdeaElement.m */,
				F4ECA23E1D62987A00944A19 /* CommentTestingElement.h */,
				F4ECA23F1D62987A00944A19 /* CommentTestingElement.m */,
				F437622D1D34140B00729D54 /* elementParent.h */,
				F437622B1D3413FD00729D54 /* elementParent.m */,
				F47EFBD41D4A596B00089AE6 /* IdeaElement.h */,
				F47EFBD51D4A598D00089AE6 /* IdeaElement.m */,
				F47EFBDB1D4A620400089AE6 /* PersonElement.h */,
				F47EFBD91D4A61F700089AE6 /* PersonElement.m */,
				F4C30C131D6114CA0031C360 /* StartupElement.h */,
				F4C30C141D6114CA0031C360 /* StartupElement.m */,
			);
			name = "Element Classes";
			sourceTree = "<group>";
		};
		F465B9801D5FAF5E008F1371 /* Delegates */ = {
			isa = PBXGroup;
			children = (
				F465B9871D5FB07C008F1371 /* IdeaControllerCollectionViewCell.h */,
				F465B9881D5FB07C008F1371 /* IdeaControllerCollectionViewCell.m */,
				F4D5FDAA1D6225A70086E91E /* PersonCollectionViewCell.h */,
				F4D5FDAB1D6225A70086E91E /* PersonCollectionViewCell.m */,
			);
			name = Delegates;
			sourceTree = "<group>";
		};
		F465B98A1D5FDC9E008F1371 /* DataModels */ = {
			isa = PBXGroup;
			children = (
				F465B98B1D5FDCD0008F1371 /* IdeaModel.h */,
				F465B98C1D5FDCD0008F1371 /* IdeaModel.m */,
			);
			name = DataModels;
			sourceTree = "<group>";
		};
		F47776CB1D6358A60041BB03 /* People and Skills */ = {
			isa = PBXGroup;
			children = (
				F477769A1D6358760041BB03 /* Aaron Wong.png */,
				F477769B1D6358760041BB03 /* Aaron Wong's Skill.png */,
				F477769C1D6358760041BB03 /* Ashley Taylor's Skill.png */,
				F477769D1D6358760041BB03 /* Christine Hunter.png */,
				F477769E1D6358760041BB03 /* Christine Hunter's Skill.png */,
				F477769F1D6358760041BB03 /* David Cruz.png */,
				F47776A01D6358760041BB03 /* David Cruz's Skill.png */,
				F47776A11D6358760041BB03 /* Emily Lane.png */,
				F47776A21D6358760041BB03 /* Evelyn Jackson.png */,
				F47776A31D6358760041BB03 /* Evelyn Jackson's Skill.png */,
				F47776A41D6358760041BB03 /* Hannah Nguyen.png */,
				F47776A51D6358760041BB03 /* Hannah Nguyen's Skill.png */,
				F47776A61D6358760041BB03 /* Jack Murphy.png */,
				F47776A71D6358760041BB03 /* Jack Murphy's Skill.png */,
				F47776A81D6358760041BB03 /* Jamie Sanchez.png */,
				F47776A91D6358760041BB03 /* Jamie Sanchez's Skill.png */,
				F47776AA1D6358760041BB03 /* Josh Walker.png */,
				F47776AB1D6358760041BB03 /* Josh Walker's Skill.png */,
				F47776AC1D6358760041BB03 /* Laura Wilson.png */,
				F47776AD1D6358760041BB03 /* Laura Wilson's Skill.png */,
				F47776AE1D6358760041BB03 /* Stephen Jones.png */,
				F47776AF1D6358760041BB03 /* Stephen Jones's Skill.png */,
				F47776B01D6358760041BB03 /* Thomas Bennet.png */,
				F47776B11D6358760041BB03 /* Thomas Bennet's Skill.png */,
			);
			name = "People and Skills";
			sourceTree = "<group>";
		};
		F47776CC1D6358B40041BB03 /* UI */ = {
			isa = PBXGroup;
			children = (
				F47776EC1D6359B20041BB03 /* ColoredBulb.png */,
				F47776ED1D6359B20041BB03 /* ColoredCompass.png */,
				F47776EE1D6359B20041BB03 /* Coloredfollow.png */,
				F47776EF1D6359B20041BB03 /* ColoredIdea.png */,
				F47776F01D6359B20041BB03 /* ColoredMessaging.png */,
				F47776F11D6359B20041BB03 /* ColoredNotification.png */,
				F47776D91D6358F20041BB03 /* SQ1_Logo_Unedited.png */,
				F47776DA1D6358F20041BB03 /* SQ1_Logo.png */,
				F4ECA2281D628EDE00944A19 /* Bulb.png */,
				F4ECA2291D628EDE00944A19 /* comment.png */,
				F4ECA22A1D628EDE00944A19 /* Compass.png */,
				F4ECA22B1D628EDE00944A19 /* Detail Disclosure.png */,
				F4ECA22C1D628EDE00944A19 /* Edit Button.png */,
				F4ECA22D1D628EDE00944A19 /* follow.png */,
				F4ECA22E1D628EDE00944A19 /* Idea.png */,
				F4ECA22F1D628EDE00944A19 /* Messaging.png */,
				F4ECA2301D628EDE00944A19 /* navigation drawer.png */,
				F4ECA2311D628EDE00944A19 /* Notification.png */,
				F4ECA2321D628EDE00944A19 /* search.png */,
			);
			name = UI;
			sourceTree = "<group>";
		};
		F47776CD1D6358DA0041BB03 /* Startups */ = {
			isa = PBXGroup;
			children = (
				F47776CE1D6358F20041BB03 /* Bayou Kitchen.png */,
				F47776CF1D6358F20041BB03 /* Bayou Kitchen's Media.png */,
				F47776D01D6358F20041BB03 /* E-bykes Media.png */,
				F47776D11D6358F20041BB03 /* E-bykes.png */,
				F47776D21D6358F20041BB03 /* Honey B's Media.png */,
				F47776D31D6358F20041BB03 /* Honey B's.png */,
				F47776D41D6358F20041BB03 /* Shadi Adada.png */,
				F47776D51D6358F20041BB03 /* Shadi Adada's Media (small).png */,
				F47776D61D6358F20041BB03 /* Shadi Adada's Media.png */,
				F47776D71D6358F20041BB03 /* Smart Jump Media.png */,
				F47776D81D6358F20041BB03 /* Smart Jump.png */,
				F47776DB1D6358F20041BB03 /* Wedding Media1.png */,
				F47776DC1D6358F20041BB03 /* Wedding Media2.png */,
			);
			name = Startups;
			sourceTree = "<group>";
		};
		F47AF76C1D4A8A3A000B1EB6 /* Framkeworks */ = {
			isa = PBXGroup;
			children = (
				F47AF7321D4A8A2D000B1EB6 /* AWSAPIGateway.framework */,
				F47AF7331D4A8A2D000B1EB6 /* AWSAutoScaling.framework */,
				F47AF7341D4A8A2D000B1EB6 /* AWSCloudWatch.framework */,
				F47AF7351D4A8A2D000B1EB6 /* AWSCognito.framework */,
				F47AF7361D4A8A2D000B1EB6 /* AWSCognitoIdentityProvider.framework */,
				F47AF7371D4A8A2D000B1EB6 /* AWSCore.framework */,
				F47AF7381D4A8A2D000B1EB6 /* AWSDynamoDB.framework */,
				F47AF7391D4A8A2D000B1EB6 /* AWSEC2.framework */,
				F47AF73A1D4A8A2D000B1EB6 /* AWSElasticLoadBalancing.framework */,
				F47AF73B1D4A8A2D000B1EB6 /* AWSIoT.framework */,
				F47AF73C1D4A8A2D000B1EB6 /* AWSKinesis.framework */,
				F47AF73D1D4A8A2D000B1EB6 /* AWSLambda.framework */,
				F47AF73E1D4A8A2D000B1EB6 /* AWSMachineLearning.framework */,
				F47AF73F1D4A8A2D000B1EB6 /* AWSMobileAnalytics.framework */,
				F47AF7401D4A8A2D000B1EB6 /* AWSS3.framework */,
				F47AF7411D4A8A2D000B1EB6 /* AWSSES.framework */,
				F47AF7421D4A8A2D000B1EB6 /* AWSSimpleDB.framework */,
				F47AF7431D4A8A2D000B1EB6 /* AWSSNS.framework */,
				F47AF7441D4A8A2D000B1EB6 /* AWSSQS.framework */,
			);
			name = Framkeworks;
			sourceTree = "<group>";
		};
		F47EFBDC1D4A73F700089AE6 /* Custom UISubclasses */ = {
			isa = PBXGroup;
			children = (
				F47EFBDE1D4A748800089AE6 /* SingleRowFlow.h */,
				F47EFBDF1D4A748800089AE6 /* SingleRowFlow.m */,
			);
			name = "Custom UISubclasses";
			sourceTree = "<group>";
		};
		F47EFBE61D4A825500089AE6 /* AWS/Lambda */ = {
			isa = PBXGroup;
			children = (
				F47EFBE71D4A82C500089AE6 /* LambdaConfig.h */,
				F47EFBE81D4A82C500089AE6 /* LambdaConfig.m */,
			);
			name = AWS/Lambda;
			sourceTree = "<group>";
		};
		F4C30C191D61151F0031C360 /* TabControllers */ = {
			isa = PBXGroup;
			children = (
				F4C30C161D61150B0031C360 /* ExploreTabController.h */,
				F4C30C171D61150B0031C360 /* ExploreTabController.m */,
				F45DA7851D4826AB00B31AA7 /* IdeaTabController.h */,
				F45DA7831D48269C00B31AA7 /* IdeaTabController.m */,
			);
			name = TabControllers;
			sourceTree = "<group>";
		};
		F4C30C1A1D6115320031C360 /* LoginRegisterControllers */ = {
			isa = PBXGroup;
			children = (
				F4C30C1C1D6136BE0031C360 /* InitialViewController.h */,
				F4C30C1D1D6136BE0031C360 /* InitialViewController.m */,
				F4A438A61D5AB21800ACA572 /* LoginController.h */,
				F4A438A71D5AB21800ACA572 /* LoginController.m */,
				F47AF76E1D4A8BE6000B1EB6 /* RegistrationController.h */,
				F47AF76F1D4A8BE6000B1EB6 /* RegistrationController.m */,
				F40EA1141D47DECA00FE248F /* VerificationController.h */,
				F40EA1121D47DEBE00FE248F /* VerificationController.m */,
			);
			name = LoginRegisterControllers;
			sourceTree = "<group>";
		};
		F4C30C1B1D61154E0031C360 /* TestControllers */ = {
			isa = PBXGroup;
			children = (
				F47EFBE11D4A766E00089AE6 /* MenuController.h */,
				F47EFBE21D4A766E00089AE6 /* MenuController.m */,
				F4E420081D3730CE004DCCB3 /* testController.h */,
				F4E420051D373043004DCCB3 /* testController.m */,
			);
			name = TestControllers;
			sourceTree = "<group>";
		};
		F4D5FDA91D6224AB0086E91E /* json */ = {
			isa = PBXGroup;
			children = (
				F47776F81D635CDD0041BB03 /* startups.json */,
				F47776981D6358480041BB03 /* exploreTab-data.json */,
			);
			name = json;
			sourceTree = "<group>";
		};
		F4ECA2271D62877C00944A19 /* Assets */ = {
			isa = PBXGroup;
			children = (
				F47776CD1D6358DA0041BB03 /* Startups */,
				F47776CB1D6358A60041BB03 /* People and Skills */,
				F47776CC1D6358B40041BB03 /* UI */,
			);
			name = Assets;
			sourceTree = "<group>";
		};
/* End PBXGroup section */

/* Begin PBXNativeTarget section */
		F407B83D1D2C2EF400D80C1E /* SquareOne */ = {
			isa = PBXNativeTarget;
			buildConfigurationList = F407B86B1D2C2EF500D80C1E /* Build configuration list for PBXNativeTarget "SquareOne" */;
			buildPhases = (
				130548EA03FEFC2091B787D0 /* [CP] Check Pods Manifest.lock */,
				F407B83A1D2C2EF400D80C1E /* Sources */,
				F407B83B1D2C2EF400D80C1E /* Frameworks */,
				F407B83C1D2C2EF400D80C1E /* Resources */,
				F47AF76B1D4A8A2E000B1EB6 /* Embed Frameworks */,
				F47AF76D1D4A8A5B000B1EB6 /* ShellScript */,
				32C7279545E996E9EA84CE16 /* [CP] Embed Pods Frameworks */,
				F667019DA8808E8FF616C3FF /* [CP] Copy Pods Resources */,
			);
			buildRules = (
			);
			dependencies = (
			);
			name = SquareOne;
			productName = SquareOne;
			productReference = F407B83E1D2C2EF400D80C1E /* SquareOne.app */;
			productType = "com.apple.product-type.application";
		};
		F407B8561D2C2EF500D80C1E /* SquareOneTests */ = {
			isa = PBXNativeTarget;
			buildConfigurationList = F407B86E1D2C2EF500D80C1E /* Build configuration list for PBXNativeTarget "SquareOneTests" */;
			buildPhases = (
				F407B8531D2C2EF500D80C1E /* Sources */,
				F407B8541D2C2EF500D80C1E /* Frameworks */,
				F407B8551D2C2EF500D80C1E /* Resources */,
			);
			buildRules = (
			);
			dependencies = (
				F407B8591D2C2EF500D80C1E /* PBXTargetDependency */,
			);
			name = SquareOneTests;
			productName = SquareOneTests;
			productReference = F407B8571D2C2EF500D80C1E /* SquareOneTests.xctest */;
			productType = "com.apple.product-type.bundle.unit-test";
		};
		F407B8611D2C2EF500D80C1E /* SquareOneUITests */ = {
			isa = PBXNativeTarget;
			buildConfigurationList = F407B8711D2C2EF500D80C1E /* Build configuration list for PBXNativeTarget "SquareOneUITests" */;
			buildPhases = (
				F407B85E1D2C2EF500D80C1E /* Sources */,
				F407B85F1D2C2EF500D80C1E /* Frameworks */,
				F407B8601D2C2EF500D80C1E /* Resources */,
			);
			buildRules = (
			);
			dependencies = (
				F407B8641D2C2EF500D80C1E /* PBXTargetDependency */,
			);
			name = SquareOneUITests;
			productName = SquareOneUITests;
			productReference = F407B8621D2C2EF500D80C1E /* SquareOneUITests.xctest */;
			productType = "com.apple.product-type.bundle.ui-testing";
		};
/* End PBXNativeTarget section */

/* Begin PBXProject section */
		F407B8361D2C2EF400D80C1E /* Project object */ = {
			isa = PBXProject;
			attributes = {
				LastUpgradeCheck = 0730;
				ORGANIZATIONNAME = "Mahmud Assamaray";
				TargetAttributes = {
					F407B83D1D2C2EF400D80C1E = {
						CreatedOnToolsVersion = 7.3.1;
						DevelopmentTeam = 8MT84XE54V;
					};
					F407B8561D2C2EF500D80C1E = {
						CreatedOnToolsVersion = 7.3.1;
						TestTargetID = F407B83D1D2C2EF400D80C1E;
					};
					F407B8611D2C2EF500D80C1E = {
						CreatedOnToolsVersion = 7.3.1;
						TestTargetID = F407B83D1D2C2EF400D80C1E;
					};
				};
			};
			buildConfigurationList = F407B8391D2C2EF400D80C1E /* Build configuration list for PBXProject "SquareOne" */;
			compatibilityVersion = "Xcode 3.2";
			developmentRegion = English;
			hasScannedForEncodings = 0;
			knownRegions = (
				en,
				Base,
			);
			mainGroup = F407B8351D2C2EF400D80C1E;
			productRefGroup = F407B83F1D2C2EF400D80C1E /* Products */;
			projectDirPath = "";
			projectRoot = "";
			targets = (
				F407B83D1D2C2EF400D80C1E /* SquareOne */,
				F407B8561D2C2EF500D80C1E /* SquareOneTests */,
				F407B8611D2C2EF500D80C1E /* SquareOneUITests */,
			);
		};
/* End PBXProject section */

/* Begin PBXResourcesBuildPhase section */
		F407B83C1D2C2EF400D80C1E /* Resources */ = {
			isa = PBXResourcesBuildPhase;
			buildActionMask = 2147483647;
			files = (
				F4ECA23A1D628EDE00944A19 /* Messaging.png in Resources */,
				F47776BD1D6358760041BB03 /* Hannah Nguyen's Skill.png in Resources */,
				F47776E91D6358F20041BB03 /* SQ1_Logo.png in Resources */,
				F47776B21D6358760041BB03 /* Aaron Wong.png in Resources */,
				F4ECA2381D628EDE00944A19 /* follow.png in Resources */,
				F47EFBE51D4A7CD700089AE6 /* StartupElement.xib in Resources */,
				F47776BF1D6358760041BB03 /* Jack Murphy's Skill.png in Resources */,
				F47776E51D6358F20041BB03 /* Shadi Adada's Media.png in Resources */,
				F47776E31D6358F20041BB03 /* Shadi Adada.png in Resources */,
				F47776C11D6358760041BB03 /* Jamie Sanchez's Skill.png in Resources */,
				F47776B71D6358760041BB03 /* David Cruz.png in Resources */,
				F47776B31D6358760041BB03 /* Aaron Wong's Skill.png in Resources */,
				F47776C71D6358760041BB03 /* Stephen Jones's Skill.png in Resources */,
				F4ECA2341D628EDE00944A19 /* comment.png in Resources */,
				F47776DE1D6358F20041BB03 /* Bayou Kitchen's Media.png in Resources */,
				F4ECA2361D628EDE00944A19 /* Detail Disclosure.png in Resources */,
				F47776C81D6358760041BB03 /* Thomas Bennet.png in Resources */,
				F47776EB1D6358F20041BB03 /* Wedding Media2.png in Resources */,
				F47776C01D6358760041BB03 /* Jamie Sanchez.png in Resources */,
				F47776BC1D6358760041BB03 /* Hannah Nguyen.png in Resources */,
				F47776F91D635CDD0041BB03 /* startups.json in Resources */,
				F47776E61D6358F20041BB03 /* Smart Jump Media.png in Resources */,
				F47EFBD81D4A5B9B00089AE6 /* PersonElement.xib in Resources */,
				F47776DD1D6358F20041BB03 /* Bayou Kitchen.png in Resources */,
				F47776F71D6359B20041BB03 /* ColoredNotification.png in Resources */,
				F407B8511D2C2EF400D80C1E /* LaunchScreen.storyboard in Resources */,
				F47776B61D6358760041BB03 /* Christine Hunter's Skill.png in Resources */,
				F47776DF1D6358F20041BB03 /* E-bykes Media.png in Resources */,
				F47776F61D6359B20041BB03 /* ColoredMessaging.png in Resources */,
				F47776BA1D6358760041BB03 /* Evelyn Jackson.png in Resources */,
				F437622A1D303D5200729D54 /* NotificationElement.xib in Resources */,
				F407B84E1D2C2EF400D80C1E /* Assets.xcassets in Resources */,
				F4ECA23D1D628EDE00944A19 /* search.png in Resources */,
				F4ECA23C1D628EDE00944A19 /* Notification.png in Resources */,
				F47776E01D6358F20041BB03 /* E-bykes.png in Resources */,
				F47776991D6358480041BB03 /* exploreTab-data.json in Resources */,
				F47776B41D6358760041BB03 /* Ashley Taylor's Skill.png in Resources */,
				F47776E41D6358F20041BB03 /* Shadi Adada's Media (small).png in Resources */,
				F4ECA2101D627AE900944A19 /* comments-testing.xib in Resources */,
				F4ECA2371D628EDE00944A19 /* Edit Button.png in Resources */,
				F47776BE1D6358760041BB03 /* Jack Murphy.png in Resources */,
				F47776E71D6358F20041BB03 /* Smart Jump.png in Resources */,
				F47776C21D6358760041BB03 /* Josh Walker.png in Resources */,
				F4ECA2331D628EDE00944A19 /* Bulb.png in Resources */,
				F47776F31D6359B20041BB03 /* ColoredCompass.png in Resources */,
				F4D5FDAE1D622DE70086E91E /* AddNewIdea.xib in Resources */,
				F47776C51D6358760041BB03 /* Laura Wilson's Skill.png in Resources */,
				F47776C61D6358760041BB03 /* Stephen Jones.png in Resources */,
				F47776B51D6358760041BB03 /* Christine Hunter.png in Resources */,
				F47776F41D6359B20041BB03 /* Coloredfollow.png in Resources */,
				F47776B81D6358760041BB03 /* David Cruz's Skill.png in Resources */,
				F407B84C1D2C2EF400D80C1E /* Main.storyboard in Resources */,
				F4ECA2391D628EDE00944A19 /* Idea.png in Resources */,
				F47776C91D6358760041BB03 /* Thomas Bennet's Skill.png in Resources */,
				F4ECA2351D628EDE00944A19 /* Compass.png in Resources */,
				F47776E11D6358F20041BB03 /* Honey B's Media.png in Resources */,
				F47776C31D6358760041BB03 /* Josh Walker's Skill.png in Resources */,
				F47776E81D6358F20041BB03 /* SQ1_Logo_Unedited.png in Resources */,
				F47776E21D6358F20041BB03 /* Honey B's.png in Resources */,
				F47776BB1D6358760041BB03 /* Evelyn Jackson's Skill.png in Resources */,
				F47776C41D6358760041BB03 /* Laura Wilson.png in Resources */,
				F47776EA1D6358F20041BB03 /* Wedding Media1.png in Resources */,
				F47776B91D6358760041BB03 /* Emily Lane.png in Resources */,
				F47776F21D6359B20041BB03 /* ColoredBulb.png in Resources */,
				F47776F51D6359B20041BB03 /* ColoredIdea.png in Resources */,
				F4ECA23B1D628EDE00944A19 /* navigation drawer.png in Resources */,
				F40EA10F1D46A89200FE248F /* IdeaElement.xib in Resources */,
			);
			runOnlyForDeploymentPostprocessing = 0;
		};
		F407B8551D2C2EF500D80C1E /* Resources */ = {
			isa = PBXResourcesBuildPhase;
			buildActionMask = 2147483647;
			files = (
			);
			runOnlyForDeploymentPostprocessing = 0;
		};
		F407B8601D2C2EF500D80C1E /* Resources */ = {
			isa = PBXResourcesBuildPhase;
			buildActionMask = 2147483647;
			files = (
			);
			runOnlyForDeploymentPostprocessing = 0;
		};
/* End PBXResourcesBuildPhase section */

/* Begin PBXShellScriptBuildPhase section */
		130548EA03FEFC2091B787D0 /* [CP] Check Pods Manifest.lock */ = {
			isa = PBXShellScriptBuildPhase;
			buildActionMask = 2147483647;
			files = (
			);
			inputPaths = (
			);
			name = "[CP] Check Pods Manifest.lock";
			outputPaths = (
			);
			runOnlyForDeploymentPostprocessing = 0;
			shellPath = /bin/sh;
			shellScript = "diff \"${PODS_ROOT}/../Podfile.lock\" \"${PODS_ROOT}/Manifest.lock\" > /dev/null\nif [[ $? != 0 ]] ; then\n    cat << EOM\nerror: The sandbox is not in sync with the Podfile.lock. Run 'pod install' or update your CocoaPods installation.\nEOM\n    exit 1\nfi\n";
			showEnvVarsInLog = 0;
		};
		32C7279545E996E9EA84CE16 /* [CP] Embed Pods Frameworks */ = {
			isa = PBXShellScriptBuildPhase;
			buildActionMask = 2147483647;
			files = (
			);
			inputPaths = (
			);
			name = "[CP] Embed Pods Frameworks";
			outputPaths = (
			);
			runOnlyForDeploymentPostprocessing = 0;
			shellPath = /bin/sh;
			shellScript = "\"${SRCROOT}/Pods/Target Support Files/Pods-SquareOne/Pods-SquareOne-frameworks.sh\"\n";
			showEnvVarsInLog = 0;
		};
		F47AF76D1D4A8A5B000B1EB6 /* ShellScript */ = {
			isa = PBXShellScriptBuildPhase;
			buildActionMask = 8;
			files = (
			);
			inputPaths = (
			);
			outputPaths = (
			);
			runOnlyForDeploymentPostprocessing = 1;
			shellPath = /bin/sh;
			shellScript = "Shell /bin/sh\n\nbash \"${BUILT_PRODUCTS_DIR}/${FRAMEWORKS_FOLDER_PATH}/AWSCore.framework/strip-frameworks.sh\"\n\nShow environment variables in build log: Checked\nRun script only when installing: Not checked\n\nInput Files: Empty\nOutput Files: Empty";
		};
		F667019DA8808E8FF616C3FF /* [CP] Copy Pods Resources */ = {
			isa = PBXShellScriptBuildPhase;
			buildActionMask = 2147483647;
			files = (
			);
			inputPaths = (
			);
			name = "[CP] Copy Pods Resources";
			outputPaths = (
			);
			runOnlyForDeploymentPostprocessing = 0;
			shellPath = /bin/sh;
			shellScript = "\"${SRCROOT}/Pods/Target Support Files/Pods-SquareOne/Pods-SquareOne-resources.sh\"\n";
			showEnvVarsInLog = 0;
		};
/* End PBXShellScriptBuildPhase section */

/* Begin PBXSourcesBuildPhase section */
		F407B83A1D2C2EF400D80C1E /* Sources */ = {
			isa = PBXSourcesBuildPhase;
			buildActionMask = 2147483647;
			files = (
				F45736B31D555B4B0080A148 /* main.m in Sources */,
				F45736B21D555B250080A148 /* PersonElement.m in Sources */,
				F45736B11D555B200080A148 /* SingleRowFlow.m in Sources */,
				F45736B01D555B1A0080A148 /* LambdaConfig.m in Sources */,
				F4C30C151D6114CA0031C360 /* StartupElement.m in Sources */,
				F45736AF1D555B150080A148 /* AppDelegate.m in Sources */,
				F45736AE1D555B0F0080A148 /* RegistrationController.m in Sources */,
				F465B9891D5FB07C008F1371 /* IdeaControllerCollectionViewCell.m in Sources */,
				F45736AD1D555B080080A148 /* IdeaElement.m in Sources */,
				F4A438A81D5AB21800ACA572 /* LoginController.m in Sources */,
				F4D5FDAC1D6225A70086E91E /* PersonCollectionViewCell.m in Sources */,
				F45736AC1D555B020080A148 /* elementParent.m in Sources */,
				F465B98D1D5FDCD0008F1371 /* IdeaModel.m in Sources */,
				F45736AB1D555AFC0080A148 /* MenuController.m in Sources */,
				F4ECA2401D62987A00944A19 /* CommentTestingElement.m in Sources */,
				F4C30C181D61150B0031C360 /* ExploreTabController.m in Sources */,
				F45736AA1D555AF70080A148 /* IdeaTabController.m in Sources */,
				F45736A91D555AF20080A148 /* testController.m in Sources */,
				F4C30C1E1D6136BE0031C360 /* InitialViewController.m in Sources */,
				F4D5FDB11D6235610086E91E /* AddNewIdeaElement.m in Sources */,
				F45736A81D555AEB0080A148 /* VerificationController.m in Sources */,
			);
			runOnlyForDeploymentPostprocessing = 0;
		};
		F407B8531D2C2EF500D80C1E /* Sources */ = {
			isa = PBXSourcesBuildPhase;
			buildActionMask = 2147483647;
			files = (
				F407B85C1D2C2EF500D80C1E /* SquareOneTests.m in Sources */,
			);
			runOnlyForDeploymentPostprocessing = 0;
		};
		F407B85E1D2C2EF500D80C1E /* Sources */ = {
			isa = PBXSourcesBuildPhase;
			buildActionMask = 2147483647;
			files = (
				F407B8671D2C2EF500D80C1E /* SquareOneUITests.m in Sources */,
			);
			runOnlyForDeploymentPostprocessing = 0;
		};
/* End PBXSourcesBuildPhase section */

/* Begin PBXTargetDependency section */
		F407B8591D2C2EF500D80C1E /* PBXTargetDependency */ = {
			isa = PBXTargetDependency;
			target = F407B83D1D2C2EF400D80C1E /* SquareOne */;
			targetProxy = F407B8581D2C2EF500D80C1E /* PBXContainerItemProxy */;
		};
		F407B8641D2C2EF500D80C1E /* PBXTargetDependency */ = {
			isa = PBXTargetDependency;
			target = F407B83D1D2C2EF400D80C1E /* SquareOne */;
			targetProxy = F407B8631D2C2EF500D80C1E /* PBXContainerItemProxy */;
		};
/* End PBXTargetDependency section */

/* Begin PBXVariantGroup section */
		F407B84A1D2C2EF400D80C1E /* Main.storyboard */ = {
			isa = PBXVariantGroup;
			children = (
				F407B84B1D2C2EF400D80C1E /* Base */,
			);
			name = Main.storyboard;
			sourceTree = "<group>";
		};
		F407B84F1D2C2EF400D80C1E /* LaunchScreen.storyboard */ = {
			isa = PBXVariantGroup;
			children = (
				F407B8501D2C2EF400D80C1E /* Base */,
			);
			name = LaunchScreen.storyboard;
			sourceTree = "<group>";
		};
/* End PBXVariantGroup section */

/* Begin XCBuildConfiguration section */
		F407B8691D2C2EF500D80C1E /* Debug */ = {
			isa = XCBuildConfiguration;
			buildSettings = {
				ALWAYS_SEARCH_USER_PATHS = NO;
				CLANG_ANALYZER_NONNULL = YES;
				CLANG_CXX_LANGUAGE_STANDARD = "gnu++0x";
				CLANG_CXX_LIBRARY = "libc++";
				CLANG_ENABLE_MODULES = YES;
				CLANG_ENABLE_OBJC_ARC = YES;
				CLANG_WARN_BOOL_CONVERSION = YES;
				CLANG_WARN_CONSTANT_CONVERSION = YES;
				CLANG_WARN_DIRECT_OBJC_ISA_USAGE = YES_ERROR;
				CLANG_WARN_EMPTY_BODY = YES;
				CLANG_WARN_ENUM_CONVERSION = YES;
				CLANG_WARN_INT_CONVERSION = YES;
				CLANG_WARN_OBJC_ROOT_CLASS = YES_ERROR;
				CLANG_WARN_UNREACHABLE_CODE = YES;
				CLANG_WARN__DUPLICATE_METHOD_MATCH = YES;
				"CODE_SIGN_IDENTITY[sdk=iphoneos*]" = "iPhone Developer";
				COPY_PHASE_STRIP = NO;
				DEBUG_INFORMATION_FORMAT = dwarf;
				ENABLE_STRICT_OBJC_MSGSEND = YES;
				ENABLE_TESTABILITY = YES;
				GCC_C_LANGUAGE_STANDARD = gnu99;
				GCC_DYNAMIC_NO_PIC = NO;
				GCC_NO_COMMON_BLOCKS = YES;
				GCC_OPTIMIZATION_LEVEL = 0;
				GCC_PREPROCESSOR_DEFINITIONS = (
					"DEBUG=1",
					"$(inherited)",
				);
				GCC_WARN_64_TO_32_BIT_CONVERSION = YES;
				GCC_WARN_ABOUT_RETURN_TYPE = YES_ERROR;
				GCC_WARN_UNDECLARED_SELECTOR = YES;
				GCC_WARN_UNINITIALIZED_AUTOS = YES_AGGRESSIVE;
				GCC_WARN_UNUSED_FUNCTION = YES;
				GCC_WARN_UNUSED_VARIABLE = YES;
				IPHONEOS_DEPLOYMENT_TARGET = 9.3;
				MTL_ENABLE_DEBUG_INFO = YES;
				ONLY_ACTIVE_ARCH = YES;
				SDKROOT = iphoneos;
			};
			name = Debug;
		};
		F407B86A1D2C2EF500D80C1E /* Release */ = {
			isa = XCBuildConfiguration;
			buildSettings = {
				ALWAYS_SEARCH_USER_PATHS = NO;
				CLANG_ANALYZER_NONNULL = YES;
				CLANG_CXX_LANGUAGE_STANDARD = "gnu++0x";
				CLANG_CXX_LIBRARY = "libc++";
				CLANG_ENABLE_MODULES = YES;
				CLANG_ENABLE_OBJC_ARC = YES;
				CLANG_WARN_BOOL_CONVERSION = YES;
				CLANG_WARN_CONSTANT_CONVERSION = YES;
				CLANG_WARN_DIRECT_OBJC_ISA_USAGE = YES_ERROR;
				CLANG_WARN_EMPTY_BODY = YES;
				CLANG_WARN_ENUM_CONVERSION = YES;
				CLANG_WARN_INT_CONVERSION = YES;
				CLANG_WARN_OBJC_ROOT_CLASS = YES_ERROR;
				CLANG_WARN_UNREACHABLE_CODE = YES;
				CLANG_WARN__DUPLICATE_METHOD_MATCH = YES;
				"CODE_SIGN_IDENTITY[sdk=iphoneos*]" = "iPhone Developer";
				COPY_PHASE_STRIP = NO;
				DEBUG_INFORMATION_FORMAT = "dwarf-with-dsym";
				ENABLE_NS_ASSERTIONS = NO;
				ENABLE_STRICT_OBJC_MSGSEND = YES;
				GCC_C_LANGUAGE_STANDARD = gnu99;
				GCC_NO_COMMON_BLOCKS = YES;
				GCC_WARN_64_TO_32_BIT_CONVERSION = YES;
				GCC_WARN_ABOUT_RETURN_TYPE = YES_ERROR;
				GCC_WARN_UNDECLARED_SELECTOR = YES;
				GCC_WARN_UNINITIALIZED_AUTOS = YES_AGGRESSIVE;
				GCC_WARN_UNUSED_FUNCTION = YES;
				GCC_WARN_UNUSED_VARIABLE = YES;
				IPHONEOS_DEPLOYMENT_TARGET = 9.3;
				MTL_ENABLE_DEBUG_INFO = NO;
				SDKROOT = iphoneos;
				VALIDATE_PRODUCT = YES;
			};
			name = Release;
		};
		F407B86C1D2C2EF500D80C1E /* Debug */ = {
			isa = XCBuildConfiguration;
			baseConfigurationReference = A7A8A6A57C758C90D0532674 /* Pods-SquareOne.debug.xcconfig */;
			buildSettings = {
				ASSETCATALOG_COMPILER_APPICON_NAME = "AppIcon-1";
				CLANG_ENABLE_MODULES = YES;
				CODE_SIGN_IDENTITY = "iPhone Developer";
				"CODE_SIGN_IDENTITY[sdk=iphoneos*]" = "iPhone Developer";
				FRAMEWORK_SEARCH_PATHS = (
					"$(inherited)",
					"$(PROJECT_DIR)",
				);
				INFOPLIST_FILE = SquareOne/Info.plist;
				LD_RUNPATH_SEARCH_PATHS = "$(inherited) @executable_path/Frameworks";
				PRODUCT_BUNDLE_IDENTIFIER = com.MahmudAhmad.SquareOne;
				PRODUCT_NAME = "$(TARGET_NAME)";
				PROVISIONING_PROFILE = "";
				SWIFT_OBJC_BRIDGING_HEADER = "SquareOne/SquareOne-Bridging-Header.h";
				SWIFT_OPTIMIZATION_LEVEL = "-Onone";
				TARGETED_DEVICE_FAMILY = 1;
			};
			name = Debug;
		};
		F407B86D1D2C2EF500D80C1E /* Release */ = {
			isa = XCBuildConfiguration;
			baseConfigurationReference = 913D502D2563A8B729EAA3BB /* Pods-SquareOne.release.xcconfig */;
			buildSettings = {
				ASSETCATALOG_COMPILER_APPICON_NAME = "AppIcon-1";
				CLANG_ENABLE_MODULES = YES;
				CODE_SIGN_IDENTITY = "iPhone Developer";
				"CODE_SIGN_IDENTITY[sdk=iphoneos*]" = "iPhone Developer";
				FRAMEWORK_SEARCH_PATHS = (
					"$(inherited)",
					"$(PROJECT_DIR)",
				);
				INFOPLIST_FILE = SquareOne/Info.plist;
				LD_RUNPATH_SEARCH_PATHS = "$(inherited) @executable_path/Frameworks";
				PRODUCT_BUNDLE_IDENTIFIER = com.MahmudAhmad.SquareOne;
				PRODUCT_NAME = "$(TARGET_NAME)";
				PROVISIONING_PROFILE = "";
				SWIFT_OBJC_BRIDGING_HEADER = "SquareOne/SquareOne-Bridging-Header.h";
				TARGETED_DEVICE_FAMILY = 1;
			};
			name = Release;
		};
		F407B86F1D2C2EF500D80C1E /* Debug */ = {
			isa = XCBuildConfiguration;
			buildSettings = {
				BUNDLE_LOADER = "$(TEST_HOST)";
				INFOPLIST_FILE = SquareOneTests/Info.plist;
				LD_RUNPATH_SEARCH_PATHS = "$(inherited) @executable_path/Frameworks @loader_path/Frameworks";
				PRODUCT_BUNDLE_IDENTIFIER = com.MahmudAhmad.SquareOneTests;
				PRODUCT_NAME = "$(TARGET_NAME)";
				TEST_HOST = "$(BUILT_PRODUCTS_DIR)/SquareOne.app/SquareOne";
			};
			name = Debug;
		};
		F407B8701D2C2EF500D80C1E /* Release */ = {
			isa = XCBuildConfiguration;
			buildSettings = {
				BUNDLE_LOADER = "$(TEST_HOST)";
				INFOPLIST_FILE = SquareOneTests/Info.plist;
				LD_RUNPATH_SEARCH_PATHS = "$(inherited) @executable_path/Frameworks @loader_path/Frameworks";
				PRODUCT_BUNDLE_IDENTIFIER = com.MahmudAhmad.SquareOneTests;
				PRODUCT_NAME = "$(TARGET_NAME)";
				TEST_HOST = "$(BUILT_PRODUCTS_DIR)/SquareOne.app/SquareOne";
			};
			name = Release;
		};
		F407B8721D2C2EF500D80C1E /* Debug */ = {
			isa = XCBuildConfiguration;
			buildSettings = {
				INFOPLIST_FILE = SquareOneUITests/Info.plist;
				LD_RUNPATH_SEARCH_PATHS = "$(inherited) @executable_path/Frameworks @loader_path/Frameworks";
				PRODUCT_BUNDLE_IDENTIFIER = com.MahmudAhmad.SquareOneUITests;
				PRODUCT_NAME = "$(TARGET_NAME)";
				TEST_TARGET_NAME = SquareOne;
			};
			name = Debug;
		};
		F407B8731D2C2EF500D80C1E /* Release */ = {
			isa = XCBuildConfiguration;
			buildSettings = {
				INFOPLIST_FILE = SquareOneUITests/Info.plist;
				LD_RUNPATH_SEARCH_PATHS = "$(inherited) @executable_path/Frameworks @loader_path/Frameworks";
				PRODUCT_BUNDLE_IDENTIFIER = com.MahmudAhmad.SquareOneUITests;
				PRODUCT_NAME = "$(TARGET_NAME)";
				TEST_TARGET_NAME = SquareOne;
			};
			name = Release;
		};
/* End XCBuildConfiguration section */

/* Begin XCConfigurationList section */
		F407B8391D2C2EF400D80C1E /* Build configuration list for PBXProject "SquareOne" */ = {
			isa = XCConfigurationList;
			buildConfigurations = (
				F407B8691D2C2EF500D80C1E /* Debug */,
				F407B86A1D2C2EF500D80C1E /* Release */,
			);
			defaultConfigurationIsVisible = 0;
			defaultConfigurationName = Release;
		};
		F407B86B1D2C2EF500D80C1E /* Build configuration list for PBXNativeTarget "SquareOne" */ = {
			isa = XCConfigurationList;
			buildConfigurations = (
				F407B86C1D2C2EF500D80C1E /* Debug */,
				F407B86D1D2C2EF500D80C1E /* Release */,
			);
			defaultConfigurationIsVisible = 0;
			defaultConfigurationName = Release;
		};
		F407B86E1D2C2EF500D80C1E /* Build configuration list for PBXNativeTarget "SquareOneTests" */ = {
			isa = XCConfigurationList;
			buildConfigurations = (
				F407B86F1D2C2EF500D80C1E /* Debug */,
				F407B8701D2C2EF500D80C1E /* Release */,
			);
			defaultConfigurationIsVisible = 0;
			defaultConfigurationName = Release;
		};
		F407B8711D2C2EF500D80C1E /* Build configuration list for PBXNativeTarget "SquareOneUITests" */ = {
			isa = XCConfigurationList;
			buildConfigurations = (
				F407B8721D2C2EF500D80C1E /* Debug */,
				F407B8731D2C2EF500D80C1E /* Release */,
			);
			defaultConfigurationIsVisible = 0;
			defaultConfigurationName = Release;
		};
/* End XCConfigurationList section */
	};
	rootObject = F407B8361D2C2EF400D80C1E /* Project object */;
}
